// !$*UTF8*$!
{
	archiveVersion = 1;
	classes = {
	};
	objectVersion = 55;
	objects = {

/* Begin PBXBuildFile section */
		AD351FD02810DEE90033D3CC /* AppDelegate.m in Sources */ = {isa = PBXBuildFile; fileRef = AD351FCF2810DEE90033D3CC /* AppDelegate.m */; };
		AD351FD32810DEE90033D3CC /* SceneDelegate.m in Sources */ = {isa = PBXBuildFile; fileRef = AD351FD22810DEE90033D3CC /* SceneDelegate.m */; };
		AD351FD62810DEE90033D3CC /* ViewController.m in Sources */ = {isa = PBXBuildFile; fileRef = AD351FD52810DEE90033D3CC /* ViewController.m */; };
		AD351FD92810DEE90033D3CC /* Main.storyboard in Resources */ = {isa = PBXBuildFile; fileRef = AD351FD72810DEE90033D3CC /* Main.storyboard */; };
		AD351FDB2810DEED0033D3CC /* Assets.xcassets in Resources */ = {isa = PBXBuildFile; fileRef = AD351FDA2810DEED0033D3CC /* Assets.xcassets */; };
		AD351FDE2810DEED0033D3CC /* LaunchScreen.storyboard in Resources */ = {isa = PBXBuildFile; fileRef = AD351FDC2810DEED0033D3CC /* LaunchScreen.storyboard */; };
		AD351FE12810DEED0033D3CC /* main.m in Sources */ = {isa = PBXBuildFile; fileRef = AD351FE02810DEED0033D3CC /* main.m */; };
		AD351FE92810E2AF0033D3CC /* PhotoPicker.m in Sources */ = {isa = PBXBuildFile; fileRef = AD351FE82810E2AF0033D3CC /* PhotoPicker.m */; };
		AD351FEC2810E3A10033D3CC /* UIView+Geometry.m in Sources */ = {isa = PBXBuildFile; fileRef = AD351FEB2810E3A10033D3CC /* UIView+Geometry.m */; };
		AD351FEF2810EFC20033D3CC /* PhotoPickerCell.m in Sources */ = {isa = PBXBuildFile; fileRef = AD351FEE2810EFC20033D3CC /* PhotoPickerCell.m */; };
/* End PBXBuildFile section */

/* Begin PBXCopyFilesBuildPhase section */
		AD6576AA2845E4E300DABA2E /* Embed Frameworks */ = {
			isa = PBXCopyFilesBuildPhase;
			buildActionMask = 2147483647;
			dstPath = "";
			dstSubfolderSpec = 10;
			files = (
			);
			name = "Embed Frameworks";
			runOnlyForDeploymentPostprocessing = 0;
		};
		AD6576B22845E4F300DABA2E /* Embed PlugIns */ = {
			isa = PBXCopyFilesBuildPhase;
			buildActionMask = 2147483647;
			dstPath = "";
			dstSubfolderSpec = 13;
			files = (
			);
			name = "Embed PlugIns";
			runOnlyForDeploymentPostprocessing = 0;
		};
/* End PBXCopyFilesBuildPhase section */

/* Begin PBXFileReference section */
		81A2067664CA96129D8E6477 /* Pods-PhotoPicker.debug.xcconfig */ = {isa = PBXFileReference; includeInIndex = 1; lastKnownFileType = text.xcconfig; name = "Pods-PhotoPicker.debug.xcconfig"; path = "Target Support Files/Pods-PhotoPicker/Pods-PhotoPicker.debug.xcconfig"; sourceTree = "<group>"; };
		901A35A7482C98B833417B38 /* Pods-PhotoPicker.release.xcconfig */ = {isa = PBXFileReference; includeInIndex = 1; lastKnownFileType = text.xcconfig; name = "Pods-PhotoPicker.release.xcconfig"; path = "Target Support Files/Pods-PhotoPicker/Pods-PhotoPicker.release.xcconfig"; sourceTree = "<group>"; };
		AD351FCB2810DEE90033D3CC /* PhotoPicker.app */ = {isa = PBXFileReference; explicitFileType = wrapper.application; includeInIndex = 0; path = PhotoPicker.app; sourceTree = BUILT_PRODUCTS_DIR; };
		AD351FCE2810DEE90033D3CC /* AppDelegate.h */ = {isa = PBXFileReference; lastKnownFileType = sourcecode.c.h; path = AppDelegate.h; sourceTree = "<group>"; };
		AD351FCF2810DEE90033D3CC /* AppDelegate.m */ = {isa = PBXFileReference; lastKnownFileType = sourcecode.c.objc; path = AppDelegate.m; sourceTree = "<group>"; };
		AD351FD12810DEE90033D3CC /* SceneDelegate.h */ = {isa = PBXFileReference; lastKnownFileType = sourcecode.c.h; path = SceneDelegate.h; sourceTree = "<group>"; };
		AD351FD22810DEE90033D3CC /* SceneDelegate.m */ = {isa = PBXFileReference; lastKnownFileType = sourcecode.c.objc; path = SceneDelegate.m; sourceTree = "<group>"; };
		AD351FD42810DEE90033D3CC /* ViewController.h */ = {isa = PBXFileReference; lastKnownFileType = sourcecode.c.h; path = ViewController.h; sourceTree = "<group>"; };
		AD351FD52810DEE90033D3CC /* ViewController.m */ = {isa = PBXFileReference; lastKnownFileType = sourcecode.c.objc; path = ViewController.m; sourceTree = "<group>"; };
		AD351FD82810DEE90033D3CC /* Base */ = {isa = PBXFileReference; lastKnownFileType = file.storyboard; name = Base; path = Base.lproj/Main.storyboard; sourceTree = "<group>"; };
		AD351FDA2810DEED0033D3CC /* Assets.xcassets */ = {isa = PBXFileReference; lastKnownFileType = folder.assetcatalog; path = Assets.xcassets; sourceTree = "<group>"; };
		AD351FDD2810DEED0033D3CC /* Base */ = {isa = PBXFileReference; lastKnownFileType = file.storyboard; name = Base; path = Base.lproj/LaunchScreen.storyboard; sourceTree = "<group>"; };
		AD351FDF2810DEED0033D3CC /* Info.plist */ = {isa = PBXFileReference; lastKnownFileType = text.plist.xml; path = Info.plist; sourceTree = "<group>"; };
		AD351FE02810DEED0033D3CC /* main.m */ = {isa = PBXFileReference; lastKnownFileType = sourcecode.c.objc; path = main.m; sourceTree = "<group>"; };
		AD351FE72810E2AF0033D3CC /* PhotoPicker.h */ = {isa = PBXFileReference; lastKnownFileType = sourcecode.c.h; path = PhotoPicker.h; sourceTree = "<group>"; };
		AD351FE82810E2AF0033D3CC /* PhotoPicker.m */ = {isa = PBXFileReference; lastKnownFileType = sourcecode.c.objc; path = PhotoPicker.m; sourceTree = "<group>"; };
		AD351FEA2810E3A10033D3CC /* UIView+Geometry.h */ = {isa = PBXFileReference; lastKnownFileType = sourcecode.c.h; path = "UIView+Geometry.h"; sourceTree = "<group>"; };
		AD351FEB2810E3A10033D3CC /* UIView+Geometry.m */ = {isa = PBXFileReference; lastKnownFileType = sourcecode.c.objc; path = "UIView+Geometry.m"; sourceTree = "<group>"; };
		AD351FED2810EFC20033D3CC /* PhotoPickerCell.h */ = {isa = PBXFileReference; lastKnownFileType = sourcecode.c.h; path = PhotoPickerCell.h; sourceTree = "<group>"; };
		AD351FEE2810EFC20033D3CC /* PhotoPickerCell.m */ = {isa = PBXFileReference; lastKnownFileType = sourcecode.c.objc; path = PhotoPickerCell.m; sourceTree = "<group>"; };
/* End PBXFileReference section */

/* Begin PBXFrameworksBuildPhase section */
		AD351FC82810DEE90033D3CC /* Frameworks */ = {
			isa = PBXFrameworksBuildPhase;
			buildActionMask = 2147483647;
			files = (
			);
			runOnlyForDeploymentPostprocessing = 0;
		};
/* End PBXFrameworksBuildPhase section */

/* Begin PBXGroup section */
		1A9976FFC10874E0BE0A2B31 /* Pods */ = {
			isa = PBXGroup;
			children = (
				81A2067664CA96129D8E6477 /* Pods-PhotoPicker.debug.xcconfig */,
				901A35A7482C98B833417B38 /* Pods-PhotoPicker.release.xcconfig */,
			);
			path = Pods;
			sourceTree = "<group>";
		};
		65E66AE52E01A904F28BE574 /* Frameworks */ = {
			isa = PBXGroup;
			children = (
			);
			name = Frameworks;
			sourceTree = "<group>";
		};
		AD351FC22810DEE90033D3CC = {
			isa = PBXGroup;
			children = (
				AD351FCD2810DEE90033D3CC /* PhotoPicker */,
				AD351FCC2810DEE90033D3CC /* Products */,
				1A9976FFC10874E0BE0A2B31 /* Pods */,
				65E66AE52E01A904F28BE574 /* Frameworks */,
			);
			sourceTree = "<group>";
		};
		AD351FCC2810DEE90033D3CC /* Products */ = {
			isa = PBXGroup;
			children = (
				AD351FCB2810DEE90033D3CC /* PhotoPicker.app */,
			);
			name = Products;
			sourceTree = "<group>";
		};
		AD351FCD2810DEE90033D3CC /* PhotoPicker */ = {
			isa = PBXGroup;
			children = (
				AD351FCE2810DEE90033D3CC /* AppDelegate.h */,
				AD351FCF2810DEE90033D3CC /* AppDelegate.m */,
				AD351FD12810DEE90033D3CC /* SceneDelegate.h */,
				AD351FD22810DEE90033D3CC /* SceneDelegate.m */,
				AD351FD42810DEE90033D3CC /* ViewController.h */,
				AD351FD52810DEE90033D3CC /* ViewController.m */,
				AD351FE72810E2AF0033D3CC /* PhotoPicker.h */,
				AD351FE82810E2AF0033D3CC /* PhotoPicker.m */,
				AD351FED2810EFC20033D3CC /* PhotoPickerCell.h */,
				AD351FEE2810EFC20033D3CC /* PhotoPickerCell.m */,
				AD351FEA2810E3A10033D3CC /* UIView+Geometry.h */,
				AD351FEB2810E3A10033D3CC /* UIView+Geometry.m */,
				AD351FD72810DEE90033D3CC /* Main.storyboard */,
				AD351FDA2810DEED0033D3CC /* Assets.xcassets */,
				AD351FDC2810DEED0033D3CC /* LaunchScreen.storyboard */,
				AD351FDF2810DEED0033D3CC /* Info.plist */,
				AD351FE02810DEED0033D3CC /* main.m */,
			);
			path = PhotoPicker;
			sourceTree = "<group>";
		};
/* End PBXGroup section */

/* Begin PBXNativeTarget section */
		AD351FCA2810DEE90033D3CC /* PhotoPicker */ = {
			isa = PBXNativeTarget;
			buildConfigurationList = AD351FE42810DEED0033D3CC /* Build configuration list for PBXNativeTarget "PhotoPicker" */;
			buildPhases = (
				93B9306C4EA169550C1D5BA2 /* [CP] Check Pods Manifest.lock */,
				AD351FC72810DEE90033D3CC /* Sources */,
				AD351FC82810DEE90033D3CC /* Frameworks */,
				AD351FC92810DEE90033D3CC /* Resources */,
				AD6576AA2845E4E300DABA2E /* Embed Frameworks */,
				AD6576B22845E4F300DABA2E /* Embed PlugIns */,
			);
			buildRules = (
			);
			dependencies = (
			);
			name = PhotoPicker;
			productName = PhotoPicker;
			productReference = AD351FCB2810DEE90033D3CC /* PhotoPicker.app */;
			productType = "com.apple.product-type.application";
		};
/* End PBXNativeTarget section */

/* Begin PBXProject section */
		AD351FC32810DEE90033D3CC /* Project object */ = {
			isa = PBXProject;
			attributes = {
				BuildIndependentTargetsInParallel = 1;
				LastUpgradeCheck = 1330;
				TargetAttributes = {
					AD351FCA2810DEE90033D3CC = {
						CreatedOnToolsVersion = 13.3.1;
					};
				};
			};
			buildConfigurationList = AD351FC62810DEE90033D3CC /* Build configuration list for PBXProject "PhotoPicker" */;
			compatibilityVersion = "Xcode 13.0";
			developmentRegion = en;
			hasScannedForEncodings = 0;
			knownRegions = (
				en,
				Base,
			);
			mainGroup = AD351FC22810DEE90033D3CC;
			productRefGroup = AD351FCC2810DEE90033D3CC /* Products */;
			projectDirPath = "";
			projectRoot = "";
			targets = (
				AD351FCA2810DEE90033D3CC /* PhotoPicker */,
			);
		};
/* End PBXProject section */

/* Begin PBXResourcesBuildPhase section */
		AD351FC92810DEE90033D3CC /* Resources */ = {
			isa = PBXResourcesBuildPhase;
			buildActionMask = 2147483647;
			files = (
				AD351FDE2810DEED0033D3CC /* LaunchScreen.storyboard in Resources */,
				AD351FDB2810DEED0033D3CC /* Assets.xcassets in Resources */,
				AD351FD92810DEE90033D3CC /* Main.storyboard in Resources */,
			);
			runOnlyForDeploymentPostprocessing = 0;
		};
/* End PBXResourcesBuildPhase section */

/* Begin PBXShellScriptBuildPhase section */
		93B9306C4EA169550C1D5BA2 /* [CP] Check Pods Manifest.lock */ = {
			isa = PBXShellScriptBuildPhase;
			buildActionMask = 2147483647;
			files = (
			);
			inputFileListPaths = (
			);
			inputPaths = (
				"${PODS_PODFILE_DIR_PATH}/Podfile.lock",
				"${PODS_ROOT}/Manifest.lock",
			);
			name = "[CP] Check Pods Manifest.lock";
			outputFileListPaths = (
			);
			outputPaths = (
				"$(DERIVED_FILE_DIR)/Pods-PhotoPicker-checkManifestLockResult.txt",
			);
			runOnlyForDeploymentPostprocessing = 0;
			shellPath = /bin/sh;
			shellScript = "diff \"${PODS_PODFILE_DIR_PATH}/Podfile.lock\" \"${PODS_ROOT}/Manifest.lock\" > /dev/null\nif [ $? != 0 ] ; then\n    # print error to STDERR\n    echo \"error: The sandbox is not in sync with the Podfile.lock. Run 'pod install' or update your CocoaPods installation.\" >&2\n    exit 1\nfi\n# This output is used by Xcode 'outputs' to avoid re-running this script phase.\necho \"SUCCESS\" > \"${SCRIPT_OUTPUT_FILE_0}\"\n";
			showEnvVarsInLog = 0;
		};
/* End PBXShellScriptBuildPhase section */

/* Begin PBXSourcesBuildPhase section */
		AD351FC72810DEE90033D3CC /* Sources */ = {
			isa = PBXSourcesBuildPhase;
			buildActionMask = 2147483647;
			files = (
				AD351FD62810DEE90033D3CC /* ViewController.m in Sources */,
				AD351FE92810E2AF0033D3CC /* PhotoPicker.m in Sources */,
				AD351FD02810DEE90033D3CC /* AppDelegate.m in Sources */,
				AD351FEF2810EFC20033D3CC /* PhotoPickerCell.m in Sources */,
				AD351FE12810DEED0033D3CC /* main.m in Sources */,
				AD351FEC2810E3A10033D3CC /* UIView+Geometry.m in Sources */,
				AD351FD32810DEE90033D3CC /* SceneDelegate.m in Sources */,
			);
			runOnlyForDeploymentPostprocessing = 0;
		};
/* End PBXSourcesBuildPhase section */

/* Begin PBXVariantGroup section */
		AD351FD72810DEE90033D3CC /* Main.storyboard */ = {
			isa = PBXVariantGroup;
			children = (
				AD351FD82810DEE90033D3CC /* Base */,
			);
			name = Main.storyboard;
			sourceTree = "<group>";
		};
		AD351FDC2810DEED0033D3CC /* LaunchScreen.storyboard */ = {
			isa = PBXVariantGroup;
			children = (
				AD351FDD2810DEED0033D3CC /* Base */,
			);
			name = LaunchScreen.storyboard;
			sourceTree = "<group>";
		};
/* End PBXVariantGroup section */

/* Begin XCBuildConfiguration section */
		AD351FE22810DEED0033D3CC /* Debug */ = {
			isa = XCBuildConfiguration;
			buildSettings = {
				ALWAYS_SEARCH_USER_PATHS = NO;
				CLANG_ANALYZER_NONNULL = YES;
				CLANG_ANALYZER_NUMBER_OBJECT_CONVERSION = YES_AGGRESSIVE;
				CLANG_CXX_LANGUAGE_STANDARD = "gnu++17";
				CLANG_ENABLE_MODULES = YES;
				CLANG_ENABLE_OBJC_ARC = YES;
				CLANG_ENABLE_OBJC_WEAK = YES;
				CLANG_WARN_BLOCK_CAPTURE_AUTORELEASING = YES;
				CLANG_WARN_BOOL_CONVERSION = YES;
				CLANG_WARN_COMMA = YES;
				CLANG_WARN_CONSTANT_CONVERSION = YES;
				CLANG_WARN_DEPRECATED_OBJC_IMPLEMENTATIONS = YES;
				CLANG_WARN_DIRECT_OBJC_ISA_USAGE = YES_ERROR;
				CLANG_WARN_DOCUMENTATION_COMMENTS = YES;
				CLANG_WARN_EMPTY_BODY = YES;
				CLANG_WARN_ENUM_CONVERSION = YES;
				CLANG_WARN_INFINITE_RECURSION = YES;
				CLANG_WARN_INT_CONVERSION = YES;
				CLANG_WARN_NON_LITERAL_NULL_CONVERSION = YES;
				CLANG_WARN_OBJC_IMPLICIT_RETAIN_SELF = YES;
				CLANG_WARN_OBJC_LITERAL_CONVERSION = YES;
				CLANG_WARN_OBJC_ROOT_CLASS = YES_ERROR;
				CLANG_WARN_QUOTED_INCLUDE_IN_FRAMEWORK_HEADER = YES;
				CLANG_WARN_RANGE_LOOP_ANALYSIS = YES;
				CLANG_WARN_STRICT_PROTOTYPES = YES;
				CLANG_WARN_SUSPICIOUS_MOVE = YES;
				CLANG_WARN_UNGUARDED_AVAILABILITY = YES_AGGRESSIVE;
				CLANG_WARN_UNREACHABLE_CODE = YES;
				CLANG_WARN__DUPLICATE_METHOD_MATCH = YES;
				COPY_PHASE_STRIP = NO;
				DEBUG_INFORMATION_FORMAT = dwarf;
				ENABLE_STRICT_OBJC_MSGSEND = YES;
				ENABLE_TESTABILITY = YES;
				GCC_C_LANGUAGE_STANDARD = gnu11;
				GCC_DYNAMIC_NO_PIC = NO;
				GCC_NO_COMMON_BLOCKS = YES;
				GCC_OPTIMIZATION_LEVEL = 0;
				GCC_PREPROCESSOR_DEFINITIONS = (
					"DEBUG=1",
					"$(inherited)",
				);
				GCC_WARN_64_TO_32_BIT_CONVERSION = YES;
				GCC_WARN_ABOUT_RETURN_TYPE = YES_ERROR;
				GCC_WARN_UNDECLARED_SELECTOR = YES;
				GCC_WARN_UNINITIALIZED_AUTOS = YES_AGGRESSIVE;
				GCC_WARN_UNUSED_FUNCTION = YES;
				GCC_WARN_UNUSED_VARIABLE = YES;
				IPHONEOS_DEPLOYMENT_TARGET = 15.4;
				MTL_ENABLE_DEBUG_INFO = INCLUDE_SOURCE;
				MTL_FAST_MATH = YES;
				ONLY_ACTIVE_ARCH = YES;
				SDKROOT = iphoneos;
			};
			name = Debug;
		};
		AD351FE32810DEED0033D3CC /* Release */ = {
			isa = XCBuildConfiguration;
			buildSettings = {
				ALWAYS_SEARCH_USER_PATHS = NO;
				CLANG_ANALYZER_NONNULL = YES;
				CLANG_ANALYZER_NUMBER_OBJECT_CONVERSION = YES_AGGRESSIVE;
				CLANG_CXX_LANGUAGE_STANDARD = "gnu++17";
				CLANG_ENABLE_MODULES = YES;
				CLANG_ENABLE_OBJC_ARC = YES;
				CLANG_ENABLE_OBJC_WEAK = YES;
				CLANG_WARN_BLOCK_CAPTURE_AUTORELEASING = YES;
				CLANG_WARN_BOOL_CONVERSION = YES;
				CLANG_WARN_COMMA = YES;
				CLANG_WARN_CONSTANT_CONVERSION = YES;
				CLANG_WARN_DEPRECATED_OBJC_IMPLEMENTATIONS = YES;
				CLANG_WARN_DIRECT_OBJC_ISA_USAGE = YES_ERROR;
				CLANG_WARN_DOCUMENTATION_COMMENTS = YES;
				CLANG_WARN_EMPTY_BODY = YES;
				CLANG_WARN_ENUM_CONVERSION = YES;
				CLANG_WARN_INFINITE_RECURSION = YES;
				CLANG_WARN_INT_CONVERSION = YES;
				CLANG_WARN_NON_LITERAL_NULL_CONVERSION = YES;
				CLANG_WARN_OBJC_IMPLICIT_RETAIN_SELF = YES;
				CLANG_WARN_OBJC_LITERAL_CONVERSION = YES;
				CLANG_WARN_OBJC_ROOT_CLASS = YES_ERROR;
				CLANG_WARN_QUOTED_INCLUDE_IN_FRAMEWORK_HEADER = YES;
				CLANG_WARN_RANGE_LOOP_ANALYSIS = YES;
				CLANG_WARN_STRICT_PROTOTYPES = YES;
				CLANG_WARN_SUSPICIOUS_MOVE = YES;
				CLANG_WARN_UNGUARDED_AVAILABILITY = YES_AGGRESSIVE;
				CLANG_WARN_UNREACHABLE_CODE = YES;
				CLANG_WARN__DUPLICATE_METHOD_MATCH = YES;
				COPY_PHASE_STRIP = NO;
				DEBUG_INFORMATION_FORMAT = "dwarf-with-dsym";
				ENABLE_NS_ASSERTIONS = NO;
				ENABLE_STRICT_OBJC_MSGSEND = YES;
				GCC_C_LANGUAGE_STANDARD = gnu11;
				GCC_NO_COMMON_BLOCKS = YES;
				GCC_WARN_64_TO_32_BIT_CONVERSION = YES;
				GCC_WARN_ABOUT_RETURN_TYPE = YES_ERROR;
				GCC_WARN_UNDECLARED_SELECTOR = YES;
				GCC_WARN_UNINITIALIZED_AUTOS = YES_AGGRESSIVE;
				GCC_WARN_UNUSED_FUNCTION = YES;
				GCC_WARN_UNUSED_VARIABLE = YES;
				IPHONEOS_DEPLOYMENT_TARGET = 15.4;
				MTL_ENABLE_DEBUG_INFO = NO;
				MTL_FAST_MATH = YES;
				SDKROOT = iphoneos;
				VALIDATE_PRODUCT = YES;
			};
			name = Release;
		};
		AD351FE52810DEED0033D3CC /* Debug */ = {
			isa = XCBuildConfiguration;
			baseConfigurationReference = 81A2067664CA96129D8E6477 /* Pods-PhotoPicker.debug.xcconfig */;
			buildSettings = {
				ASSETCATALOG_COMPILER_APPICON_NAME = AppIcon;
				ASSETCATALOG_COMPILER_GLOBAL_ACCENT_COLOR_NAME = AccentColor;
				CODE_SIGN_STYLE = Automatic;
				CURRENT_PROJECT_VERSION = 1;
				DEVELOPMENT_TEAM = YM9U6GJ233;
				GENERATE_INFOPLIST_FILE = YES;
				INFOPLIST_FILE = PhotoPicker/Info.plist;
				INFOPLIST_KEY_UIApplicationSupportsIndirectInputEvents = YES;
				INFOPLIST_KEY_UILaunchStoryboardName = LaunchScreen;
				INFOPLIST_KEY_UIMainStoryboardFile = Main;
				INFOPLIST_KEY_UISupportedInterfaceOrientations_iPad = "UIInterfaceOrientationPortrait UIInterfaceOrientationPortraitUpsideDown UIInterfaceOrientationLandscapeLeft UIInterfaceOrientationLandscapeRight";
				INFOPLIST_KEY_UISupportedInterfaceOrientations_iPhone = "UIInterfaceOrientationPortrait UIInterfaceOrientationLandscapeLeft UIInterfaceOrientationLandscapeRight";
				LD_RUNPATH_SEARCH_PATHS = (
					"$(inherited)",
					"@executable_path/Frameworks",
				);
				MARKETING_VERSION = 1.0;
				PRODUCT_BUNDLE_IDENTIFIER = derekchan.PhotoPicker;
				PRODUCT_NAME = "$(TARGET_NAME)";
				SWIFT_EMIT_LOC_STRINGS = YES;
				TARGETED_DEVICE_FAMILY = 1;
			};
			name = Debug;
		};
		AD351FE62810DEED0033D3CC /* Release */ = {
			isa = XCBuildConfiguration;
			baseConfigurationReference = 901A35A7482C98B833417B38 /* Pods-PhotoPicker.release.xcconfig */;
			buildSettings = {
				ASSETCATALOG_COMPILER_APPICON_NAME = AppIcon;
				ASSETCATALOG_COMPILER_GLOBAL_ACCENT_COLOR_NAME = AccentColor;
				CODE_SIGN_STYLE = Automatic;
				CURRENT_PROJECT_VERSION = 1;
				DEVELOPMENT_TEAM = YM9U6GJ233;
				GENERATE_INFOPLIST_FILE = YES;
				INFOPLIST_FILE = PhotoPicker/Info.plist;
				INFOPLIST_KEY_UIApplicationSupportsIndirectInputEvents = YES;
				INFOPLIST_KEY_UILaunchStoryboardName = LaunchScreen;
				INFOPLIST_KEY_UIMainStoryboardFile = Main;
				INFOPLIST_KEY_UISupportedInterfaceOrientations_iPad = "UIInterfaceOrientationPortrait UIInterfaceOrientationPortraitUpsideDown UIInterfaceOrientationLandscapeLeft UIInterfaceOrientationLandscapeRight";
				INFOPLIST_KEY_UISupportedInterfaceOrientations_iPhone = "UIInterfaceOrientationPortrait UIInterfaceOrientationLandscapeLeft UIInterfaceOrientationLandscapeRight";
				LD_RUNPATH_SEARCH_PATHS = (
					"$(inherited)",
					"@executable_path/Frameworks",
				);
				MARKETING_VERSION = 1.0;
				PRODUCT_BUNDLE_IDENTIFIER = derekchan.PhotoPicker;
				PRODUCT_NAME = "$(TARGET_NAME)";
				SWIFT_EMIT_LOC_STRINGS = YES;
				TARGETED_DEVICE_FAMILY = 1;
			};
			name = Release;
		};
/* End XCBuildConfiguration section */

/* Begin XCConfigurationList section */
		AD351FC62810DEE90033D3CC /* Build configuration list for PBXProject "PhotoPicker" */ = {
			isa = XCConfigurationList;
			buildConfigurations = (
				AD351FE22810DEED0033D3CC /* Debug */,
				AD351FE32810DEED0033D3CC /* Release */,
			);
			defaultConfigurationIsVisible = 0;
			defaultConfigurationName = Release;
		};
		AD351FE42810DEED0033D3CC /* Build configuration list for PBXNativeTarget "PhotoPicker" */ = {
			isa = XCConfigurationList;
			buildConfigurations = (
				AD351FE52810DEED0033D3CC /* Debug */,
				AD351FE62810DEED0033D3CC /* Release */,
			);
			defaultConfigurationIsVisible = 0;
			defaultConfigurationName = Release;
		};
/* End XCConfigurationList section */
	};
	rootObject = AD351FC32810DEE90033D3CC /* Project object */;
}
