// !$*UTF8*$!
{
	archiveVersion = 1;
	classes = {
	};
	objectVersion = 53;
	objects = {

/* Begin PBXBuildFile section */
		AD100A9828128237004FC8FD /* main.m in Sources */ = {isa = PBXBuildFile; fileRef = AD100A9728128237004FC8FD /* main.m */; };
		AD100AA328129116004FC8FD /* main.m in Sources */ = {isa = PBXBuildFile; fileRef = AD100AA228129116004FC8FD /* main.m */; };
		AD2561DD280BB80B0098F27D /* Date.m in Sources */ = {isa = PBXBuildFile; fileRef = AD2561DC280BB80B0098F27D /* Date.m */; };
		AD2561F6280BF2420098F27D /* TimesTwo.m in Sources */ = {isa = PBXBuildFile; fileRef = AD2561F5280BF2420098F27D /* TimesTwo.m */; };
		AD351FBE28104BCD0033D3CC /* main.m in Sources */ = {isa = PBXBuildFile; fileRef = AD351FBD28104BCD0033D3CC /* main.m */; };
		AD7EBCD9280E4896009A4FFB /* BNRAsset.m in Sources */ = {isa = PBXBuildFile; fileRef = AD7EBCD8280E4896009A4FFB /* BNRAsset.m */; };
		AD8EE994280CFFD50059437E /* BNREmployee.m in Sources */ = {isa = PBXBuildFile; fileRef = AD8EE993280CFFD50059437E /* BNREmployee.m */; };
		AD9AD540280C32E9004996C3 /* main.m in Sources */ = {isa = PBXBuildFile; fileRef = AD9AD53F280C32E9004996C3 /* main.m */; };
		AD9AD54B280C3999004996C3 /* main.m in Sources */ = {isa = PBXBuildFile; fileRef = AD9AD54A280C3999004996C3 /* main.m */; };
		AD9AD556280CE63B004996C3 /* main.m in Sources */ = {isa = PBXBuildFile; fileRef = AD9AD555280CE63B004996C3 /* main.m */; };
		AD9AD55B280CE693004996C3 /* BNRPerson.m in Sources */ = {isa = PBXBuildFile; fileRef = AD9AD55A280CE693004996C3 /* BNRPerson.m */; };
		ADB422C2280B047000D5C479 /* Hostname.m in Sources */ = {isa = PBXBuildFile; fileRef = ADB422C1280B047000D5C479 /* Hostname.m */; };
		ADE904C028139D0B00928E68 /* BNRLogger.m in Sources */ = {isa = PBXBuildFile; fileRef = ADE904BF28139D0B00928E68 /* BNRLogger.m */; };
		ADE904C82813D71100928E68 /* main.m in Sources */ = {isa = PBXBuildFile; fileRef = ADE904C72813D71100928E68 /* main.m */; };
		ADE904D32814108C00928E68 /* main.m in Sources */ = {isa = PBXBuildFile; fileRef = ADE904D22814108C00928E68 /* main.m */; };
		ADE904D9281410FB00928E68 /* BNRAppliance.m in Sources */ = {isa = PBXBuildFile; fileRef = ADE904D8281410FB00928E68 /* BNRAppliance.m */; };
		ADEE05ED2814DC1E008B1421 /* BNROwnedAppliance.m in Sources */ = {isa = PBXBuildFile; fileRef = ADEE05EC2814DC1E008B1421 /* BNROwnedAppliance.m */; };
/* End PBXBuildFile section */

/* Begin PBXCopyFilesBuildPhase section */
		AD100A9328128237004FC8FD /* CopyFiles */ = {
			isa = PBXCopyFilesBuildPhase;
			buildActionMask = 2147483647;
			dstPath = /usr/share/man/man1/;
			dstSubfolderSpec = 0;
			files = (
			);
			runOnlyForDeploymentPostprocessing = 1;
		};
		AD100A9E28129116004FC8FD /* CopyFiles */ = {
			isa = PBXCopyFilesBuildPhase;
			buildActionMask = 2147483647;
			dstPath = /usr/share/man/man1/;
			dstSubfolderSpec = 0;
			files = (
			);
			runOnlyForDeploymentPostprocessing = 1;
		};
		AD2561D8280BB80B0098F27D /* CopyFiles */ = {
			isa = PBXCopyFilesBuildPhase;
			buildActionMask = 2147483647;
			dstPath = /usr/share/man/man1/;
			dstSubfolderSpec = 0;
			files = (
			);
			runOnlyForDeploymentPostprocessing = 1;
		};
		AD2561F1280BF2420098F27D /* CopyFiles */ = {
			isa = PBXCopyFilesBuildPhase;
			buildActionMask = 2147483647;
			dstPath = /usr/share/man/man1/;
			dstSubfolderSpec = 0;
			files = (
			);
			runOnlyForDeploymentPostprocessing = 1;
		};
		AD351FB928104BCD0033D3CC /* CopyFiles */ = {
			isa = PBXCopyFilesBuildPhase;
			buildActionMask = 2147483647;
			dstPath = /usr/share/man/man1/;
			dstSubfolderSpec = 0;
			files = (
			);
			runOnlyForDeploymentPostprocessing = 1;
		};
		AD9AD53B280C32E9004996C3 /* CopyFiles */ = {
			isa = PBXCopyFilesBuildPhase;
			buildActionMask = 2147483647;
			dstPath = /usr/share/man/man1/;
			dstSubfolderSpec = 0;
			files = (
			);
			runOnlyForDeploymentPostprocessing = 1;
		};
		AD9AD546280C3999004996C3 /* CopyFiles */ = {
			isa = PBXCopyFilesBuildPhase;
			buildActionMask = 2147483647;
			dstPath = /usr/share/man/man1/;
			dstSubfolderSpec = 0;
			files = (
			);
			runOnlyForDeploymentPostprocessing = 1;
		};
		AD9AD551280CE63B004996C3 /* CopyFiles */ = {
			isa = PBXCopyFilesBuildPhase;
			buildActionMask = 2147483647;
			dstPath = /usr/share/man/man1/;
			dstSubfolderSpec = 0;
			files = (
			);
			runOnlyForDeploymentPostprocessing = 1;
		};
		ADB422BC280B047000D5C479 /* CopyFiles */ = {
			isa = PBXCopyFilesBuildPhase;
			buildActionMask = 2147483647;
			dstPath = /usr/share/man/man1/;
			dstSubfolderSpec = 0;
			files = (
			);
			runOnlyForDeploymentPostprocessing = 1;
		};
		ADE904C32813D71100928E68 /* CopyFiles */ = {
			isa = PBXCopyFilesBuildPhase;
			buildActionMask = 2147483647;
			dstPath = /usr/share/man/man1/;
			dstSubfolderSpec = 0;
			files = (
			);
			runOnlyForDeploymentPostprocessing = 1;
		};
		ADE904CE2814108C00928E68 /* CopyFiles */ = {
			isa = PBXCopyFilesBuildPhase;
			buildActionMask = 2147483647;
			dstPath = /usr/share/man/man1/;
			dstSubfolderSpec = 0;
			files = (
			);
			runOnlyForDeploymentPostprocessing = 1;
		};
/* End PBXCopyFilesBuildPhase section */

/* Begin PBXFileReference section */
		AD100A9528128237004FC8FD /* File */ = {isa = PBXFileReference; explicitFileType = "compiled.mach-o.executable"; includeInIndex = 0; path = File; sourceTree = BUILT_PRODUCTS_DIR; };
		AD100A9728128237004FC8FD /* main.m */ = {isa = PBXFileReference; lastKnownFileType = sourcecode.c.objc; path = main.m; sourceTree = "<group>"; };
		AD100AA028129116004FC8FD /* Callbacks */ = {isa = PBXFileReference; explicitFileType = "compiled.mach-o.executable"; includeInIndex = 0; path = Callbacks; sourceTree = BUILT_PRODUCTS_DIR; };
		AD100AA228129116004FC8FD /* main.m */ = {isa = PBXFileReference; lastKnownFileType = sourcecode.c.objc; path = main.m; sourceTree = "<group>"; };
		AD2561DA280BB80B0098F27D /* MessageAgain */ = {isa = PBXFileReference; explicitFileType = "compiled.mach-o.executable"; includeInIndex = 0; path = MessageAgain; sourceTree = BUILT_PRODUCTS_DIR; };
		AD2561DC280BB80B0098F27D /* Date.m */ = {isa = PBXFileReference; lastKnownFileType = sourcecode.c.objc; path = Date.m; sourceTree = "<group>"; };
		AD2561F3280BF2420098F27D /* ObjectAndMemory */ = {isa = PBXFileReference; explicitFileType = "compiled.mach-o.executable"; includeInIndex = 0; path = ObjectAndMemory; sourceTree = BUILT_PRODUCTS_DIR; };
		AD2561F5280BF2420098F27D /* TimesTwo.m */ = {isa = PBXFileReference; lastKnownFileType = sourcecode.c.objc; path = TimesTwo.m; sourceTree = "<group>"; };
		AD351FBB28104BCD0033D3CC /* Constants */ = {isa = PBXFileReference; explicitFileType = "compiled.mach-o.executable"; includeInIndex = 0; path = Constants; sourceTree = BUILT_PRODUCTS_DIR; };
		AD351FBD28104BCD0033D3CC /* main.m */ = {isa = PBXFileReference; lastKnownFileType = sourcecode.c.objc; path = main.m; sourceTree = "<group>"; };
		AD7EBCD7280E4896009A4FFB /* BNRAsset.h */ = {isa = PBXFileReference; lastKnownFileType = sourcecode.c.h; path = BNRAsset.h; sourceTree = "<group>"; };
		AD7EBCD8280E4896009A4FFB /* BNRAsset.m */ = {isa = PBXFileReference; lastKnownFileType = sourcecode.c.objc; path = BNRAsset.m; sourceTree = "<group>"; };
		AD8EE992280CFFD50059437E /* BNREmployee.h */ = {isa = PBXFileReference; lastKnownFileType = sourcecode.c.h; path = BNREmployee.h; sourceTree = "<group>"; };
		AD8EE993280CFFD50059437E /* BNREmployee.m */ = {isa = PBXFileReference; lastKnownFileType = sourcecode.c.objc; path = BNREmployee.m; sourceTree = "<group>"; };
		AD9AD53D280C32E9004996C3 /* NSString */ = {isa = PBXFileReference; explicitFileType = "compiled.mach-o.executable"; includeInIndex = 0; path = NSString; sourceTree = BUILT_PRODUCTS_DIR; };
		AD9AD53F280C32E9004996C3 /* main.m */ = {isa = PBXFileReference; lastKnownFileType = sourcecode.c.objc; path = main.m; sourceTree = "<group>"; };
		AD9AD548280C3999004996C3 /* NSArray */ = {isa = PBXFileReference; explicitFileType = "compiled.mach-o.executable"; includeInIndex = 0; path = NSArray; sourceTree = BUILT_PRODUCTS_DIR; };
		AD9AD54A280C3999004996C3 /* main.m */ = {isa = PBXFileReference; lastKnownFileType = sourcecode.c.objc; path = main.m; sourceTree = "<group>"; };
		AD9AD553280CE63B004996C3 /* BMITime */ = {isa = PBXFileReference; explicitFileType = "compiled.mach-o.executable"; includeInIndex = 0; path = BMITime; sourceTree = BUILT_PRODUCTS_DIR; };
		AD9AD555280CE63B004996C3 /* main.m */ = {isa = PBXFileReference; lastKnownFileType = sourcecode.c.objc; path = main.m; sourceTree = "<group>"; };
		AD9AD55A280CE693004996C3 /* BNRPerson.m */ = {isa = PBXFileReference; lastKnownFileType = sourcecode.c.objc; path = BNRPerson.m; sourceTree = "<group>"; };
		AD9AD55C280CE6AF004996C3 /* BNRPerson.h */ = {isa = PBXFileReference; lastKnownFileType = sourcecode.c.h; path = BNRPerson.h; sourceTree = "<group>"; };
		ADB422BE280B047000D5C479 /* Message */ = {isa = PBXFileReference; explicitFileType = "compiled.mach-o.executable"; includeInIndex = 0; path = Message; sourceTree = BUILT_PRODUCTS_DIR; };
		ADB422C1280B047000D5C479 /* Hostname.m */ = {isa = PBXFileReference; lastKnownFileType = sourcecode.c.objc; path = Hostname.m; sourceTree = "<group>"; };
		ADE904BE28139D0B00928E68 /* BNRLogger.h */ = {isa = PBXFileReference; lastKnownFileType = sourcecode.c.h; path = BNRLogger.h; sourceTree = "<group>"; };
		ADE904BF28139D0B00928E68 /* BNRLogger.m */ = {isa = PBXFileReference; lastKnownFileType = sourcecode.c.objc; path = BNRLogger.m; sourceTree = "<group>"; };
		ADE904C52813D71100928E68 /* Blocks */ = {isa = PBXFileReference; explicitFileType = "compiled.mach-o.executable"; includeInIndex = 0; path = Blocks; sourceTree = BUILT_PRODUCTS_DIR; };
		ADE904C72813D71100928E68 /* main.m */ = {isa = PBXFileReference; lastKnownFileType = sourcecode.c.objc; path = main.m; sourceTree = "<group>"; };
		ADE904D02814108C00928E68 /* init */ = {isa = PBXFileReference; explicitFileType = "compiled.mach-o.executable"; includeInIndex = 0; path = init; sourceTree = BUILT_PRODUCTS_DIR; };
		ADE904D22814108C00928E68 /* main.m */ = {isa = PBXFileReference; lastKnownFileType = sourcecode.c.objc; path = main.m; sourceTree = "<group>"; };
		ADE904D7281410FB00928E68 /* BNRAppliance.h */ = {isa = PBXFileReference; lastKnownFileType = sourcecode.c.h; path = BNRAppliance.h; sourceTree = "<group>"; };
		ADE904D8281410FB00928E68 /* BNRAppliance.m */ = {isa = PBXFileReference; lastKnownFileType = sourcecode.c.objc; path = BNRAppliance.m; sourceTree = "<group>"; };
		ADEE05EB2814DC1E008B1421 /* BNROwnedAppliance.h */ = {isa = PBXFileReference; lastKnownFileType = sourcecode.c.h; path = BNROwnedAppliance.h; sourceTree = "<group>"; };
		ADEE05EC2814DC1E008B1421 /* BNROwnedAppliance.m */ = {isa = PBXFileReference; lastKnownFileType = sourcecode.c.objc; path = BNROwnedAppliance.m; sourceTree = "<group>"; };
/* End PBXFileReference section */

/* Begin PBXFrameworksBuildPhase section */
		AD100A9228128237004FC8FD /* Frameworks */ = {
			isa = PBXFrameworksBuildPhase;
			buildActionMask = 2147483647;
			files = (
			);
			runOnlyForDeploymentPostprocessing = 0;
		};
		AD100A9D28129116004FC8FD /* Frameworks */ = {
			isa = PBXFrameworksBuildPhase;
			buildActionMask = 2147483647;
			files = (
			);
			runOnlyForDeploymentPostprocessing = 0;
		};
		AD2561D7280BB80B0098F27D /* Frameworks */ = {
			isa = PBXFrameworksBuildPhase;
			buildActionMask = 2147483647;
			files = (
			);
			runOnlyForDeploymentPostprocessing = 0;
		};
		AD2561F0280BF2420098F27D /* Frameworks */ = {
			isa = PBXFrameworksBuildPhase;
			buildActionMask = 2147483647;
			files = (
			);
			runOnlyForDeploymentPostprocessing = 0;
		};
		AD351FB828104BCD0033D3CC /* Frameworks */ = {
			isa = PBXFrameworksBuildPhase;
			buildActionMask = 2147483647;
			files = (
			);
			runOnlyForDeploymentPostprocessing = 0;
		};
		AD9AD53A280C32E9004996C3 /* Frameworks */ = {
			isa = PBXFrameworksBuildPhase;
			buildActionMask = 2147483647;
			files = (
			);
			runOnlyForDeploymentPostprocessing = 0;
		};
		AD9AD545280C3999004996C3 /* Frameworks */ = {
			isa = PBXFrameworksBuildPhase;
			buildActionMask = 2147483647;
			files = (
			);
			runOnlyForDeploymentPostprocessing = 0;
		};
		AD9AD550280CE63B004996C3 /* Frameworks */ = {
			isa = PBXFrameworksBuildPhase;
			buildActionMask = 2147483647;
			files = (
			);
			runOnlyForDeploymentPostprocessing = 0;
		};
		ADB422BB280B047000D5C479 /* Frameworks */ = {
			isa = PBXFrameworksBuildPhase;
			buildActionMask = 2147483647;
			files = (
			);
			runOnlyForDeploymentPostprocessing = 0;
		};
		ADE904C22813D71100928E68 /* Frameworks */ = {
			isa = PBXFrameworksBuildPhase;
			buildActionMask = 2147483647;
			files = (
			);
			runOnlyForDeploymentPostprocessing = 0;
		};
		ADE904CD2814108C00928E68 /* Frameworks */ = {
			isa = PBXFrameworksBuildPhase;
			buildActionMask = 2147483647;
			files = (
			);
			runOnlyForDeploymentPostprocessing = 0;
		};
/* End PBXFrameworksBuildPhase section */

/* Begin PBXGroup section */
		AD100A9628128237004FC8FD /* File */ = {
			isa = PBXGroup;
			children = (
				AD100A9728128237004FC8FD /* main.m */,
			);
			path = File;
			sourceTree = "<group>";
		};
		AD100AA128129116004FC8FD /* Callbacks */ = {
			isa = PBXGroup;
			children = (
				AD100AA228129116004FC8FD /* main.m */,
				ADE904BE28139D0B00928E68 /* BNRLogger.h */,
				ADE904BF28139D0B00928E68 /* BNRLogger.m */,
			);
			path = Callbacks;
			sourceTree = "<group>";
		};
		AD2561DB280BB80B0098F27D /* MessageAgain */ = {
			isa = PBXGroup;
			children = (
				AD2561DC280BB80B0098F27D /* Date.m */,
			);
			path = MessageAgain;
			sourceTree = "<group>";
		};
		AD2561F4280BF2420098F27D /* ObjectAndMemory */ = {
			isa = PBXGroup;
			children = (
				AD2561F5280BF2420098F27D /* TimesTwo.m */,
			);
			path = ObjectAndMemory;
			sourceTree = "<group>";
		};
		AD351FBC28104BCD0033D3CC /* Constants */ = {
			isa = PBXGroup;
			children = (
				AD351FBD28104BCD0033D3CC /* main.m */,
			);
			path = Constants;
			sourceTree = "<group>";
		};
		AD9AD53E280C32E9004996C3 /* NSString */ = {
			isa = PBXGroup;
			children = (
				AD9AD53F280C32E9004996C3 /* main.m */,
			);
			path = NSString;
			sourceTree = "<group>";
		};
		AD9AD549280C3999004996C3 /* NSArray */ = {
			isa = PBXGroup;
			children = (
				AD9AD54A280C3999004996C3 /* main.m */,
			);
			path = NSArray;
			sourceTree = "<group>";
		};
		AD9AD554280CE63B004996C3 /* BMITime */ = {
			isa = PBXGroup;
			children = (
				AD9AD555280CE63B004996C3 /* main.m */,
				AD8EE993280CFFD50059437E /* BNREmployee.m */,
				AD8EE992280CFFD50059437E /* BNREmployee.h */,
				AD7EBCD8280E4896009A4FFB /* BNRAsset.m */,
				AD7EBCD7280E4896009A4FFB /* BNRAsset.h */,
				AD9AD55A280CE693004996C3 /* BNRPerson.m */,
				AD9AD55C280CE6AF004996C3 /* BNRPerson.h */,
			);
			path = BMITime;
			sourceTree = "<group>";
		};
		ADB422B5280B047000D5C479 = {
			isa = PBXGroup;
			children = (
				ADB422C0280B047000D5C479 /* Message */,
				AD2561DB280BB80B0098F27D /* MessageAgain */,
				AD2561F4280BF2420098F27D /* ObjectAndMemory */,
				AD9AD53E280C32E9004996C3 /* NSString */,
				AD9AD549280C3999004996C3 /* NSArray */,
				AD9AD554280CE63B004996C3 /* BMITime */,
				AD351FBC28104BCD0033D3CC /* Constants */,
				AD100A9628128237004FC8FD /* File */,
				AD100AA128129116004FC8FD /* Callbacks */,
				ADE904C62813D71100928E68 /* Blocks */,
				ADE904D12814108C00928E68 /* init */,
				ADB422BF280B047000D5C479 /* Products */,
			);
			sourceTree = "<group>";
		};
		ADB422BF280B047000D5C479 /* Products */ = {
			isa = PBXGroup;
			children = (
				ADB422BE280B047000D5C479 /* Message */,
				AD2561DA280BB80B0098F27D /* MessageAgain */,
				AD2561F3280BF2420098F27D /* ObjectAndMemory */,
				AD9AD53D280C32E9004996C3 /* NSString */,
				AD9AD548280C3999004996C3 /* NSArray */,
				AD9AD553280CE63B004996C3 /* BMITime */,
				AD351FBB28104BCD0033D3CC /* Constants */,
				AD100A9528128237004FC8FD /* File */,
				AD100AA028129116004FC8FD /* Callbacks */,
				ADE904C52813D71100928E68 /* Blocks */,
				ADE904D02814108C00928E68 /* init */,
			);
			name = Products;
			sourceTree = "<group>";
		};
		ADB422C0280B047000D5C479 /* Message */ = {
			isa = PBXGroup;
			children = (
				ADB422C1280B047000D5C479 /* Hostname.m */,
			);
			path = Message;
			sourceTree = "<group>";
		};
		ADE904C62813D71100928E68 /* Blocks */ = {
			isa = PBXGroup;
			children = (
				ADE904C72813D71100928E68 /* main.m */,
			);
			path = Blocks;
			sourceTree = "<group>";
		};
		ADE904D12814108C00928E68 /* init */ = {
			isa = PBXGroup;
			children = (
				ADE904D22814108C00928E68 /* main.m */,
				ADE904D7281410FB00928E68 /* BNRAppliance.h */,
				ADE904D8281410FB00928E68 /* BNRAppliance.m */,
				ADEE05EB2814DC1E008B1421 /* BNROwnedAppliance.h */,
				ADEE05EC2814DC1E008B1421 /* BNROwnedAppliance.m */,
			);
			path = init;
			sourceTree = "<group>";
		};
/* End PBXGroup section */

/* Begin PBXNativeTarget section */
		AD100A9428128237004FC8FD /* File */ = {
			isa = PBXNativeTarget;
			buildConfigurationList = AD100A9B28128237004FC8FD /* Build configuration list for PBXNativeTarget "File" */;
			buildPhases = (
				AD100A9128128237004FC8FD /* Sources */,
				AD100A9228128237004FC8FD /* Frameworks */,
				AD100A9328128237004FC8FD /* CopyFiles */,
			);
			buildRules = (
			);
			dependencies = (
			);
			name = File;
			productName = File;
			productReference = AD100A9528128237004FC8FD /* File */;
			productType = "com.apple.product-type.tool";
		};
		AD100A9F28129116004FC8FD /* Callbacks */ = {
			isa = PBXNativeTarget;
			buildConfigurationList = AD100AA428129116004FC8FD /* Build configuration list for PBXNativeTarget "Callbacks" */;
			buildPhases = (
				AD100A9C28129116004FC8FD /* Sources */,
				AD100A9D28129116004FC8FD /* Frameworks */,
				AD100A9E28129116004FC8FD /* CopyFiles */,
			);
			buildRules = (
			);
			dependencies = (
			);
			name = Callbacks;
			productName = Callbacks;
			productReference = AD100AA028129116004FC8FD /* Callbacks */;
			productType = "com.apple.product-type.tool";
		};
		AD2561D9280BB80B0098F27D /* MessageAgain */ = {
			isa = PBXNativeTarget;
			buildConfigurationList = AD2561DE280BB80B0098F27D /* Build configuration list for PBXNativeTarget "MessageAgain" */;
			buildPhases = (
				AD2561D6280BB80B0098F27D /* Sources */,
				AD2561D7280BB80B0098F27D /* Frameworks */,
				AD2561D8280BB80B0098F27D /* CopyFiles */,
			);
			buildRules = (
			);
			dependencies = (
			);
			name = MessageAgain;
			productName = Date;
			productReference = AD2561DA280BB80B0098F27D /* MessageAgain */;
			productType = "com.apple.product-type.tool";
		};
		AD2561F2280BF2420098F27D /* ObjectAndMemory */ = {
			isa = PBXNativeTarget;
			buildConfigurationList = AD2561F7280BF2420098F27D /* Build configuration list for PBXNativeTarget "ObjectAndMemory" */;
			buildPhases = (
				AD2561EF280BF2420098F27D /* Sources */,
				AD2561F0280BF2420098F27D /* Frameworks */,
				AD2561F1280BF2420098F27D /* CopyFiles */,
			);
			buildRules = (
			);
			dependencies = (
			);
			name = ObjectAndMemory;
			productName = ObjectAndMemory;
			productReference = AD2561F3280BF2420098F27D /* ObjectAndMemory */;
			productType = "com.apple.product-type.tool";
		};
		AD351FBA28104BCD0033D3CC /* Constants */ = {
			isa = PBXNativeTarget;
			buildConfigurationList = AD351FC128104BCD0033D3CC /* Build configuration list for PBXNativeTarget "Constants" */;
			buildPhases = (
				AD351FB728104BCD0033D3CC /* Sources */,
				AD351FB828104BCD0033D3CC /* Frameworks */,
				AD351FB928104BCD0033D3CC /* CopyFiles */,
			);
			buildRules = (
			);
			dependencies = (
			);
			name = Constants;
			productName = Constants;
			productReference = AD351FBB28104BCD0033D3CC /* Constants */;
			productType = "com.apple.product-type.tool";
		};
		AD9AD53C280C32E9004996C3 /* NSString */ = {
			isa = PBXNativeTarget;
			buildConfigurationList = AD9AD541280C32E9004996C3 /* Build configuration list for PBXNativeTarget "NSString" */;
			buildPhases = (
				AD9AD539280C32E9004996C3 /* Sources */,
				AD9AD53A280C32E9004996C3 /* Frameworks */,
				AD9AD53B280C32E9004996C3 /* CopyFiles */,
			);
			buildRules = (
			);
			dependencies = (
			);
			name = NSString;
			productName = NSString;
			productReference = AD9AD53D280C32E9004996C3 /* NSString */;
			productType = "com.apple.product-type.tool";
		};
		AD9AD547280C3999004996C3 /* NSArray */ = {
			isa = PBXNativeTarget;
			buildConfigurationList = AD9AD54C280C3999004996C3 /* Build configuration list for PBXNativeTarget "NSArray" */;
			buildPhases = (
				AD9AD544280C3999004996C3 /* Sources */,
				AD9AD545280C3999004996C3 /* Frameworks */,
				AD9AD546280C3999004996C3 /* CopyFiles */,
			);
			buildRules = (
			);
			dependencies = (
			);
			name = NSArray;
			productName = NSArray;
			productReference = AD9AD548280C3999004996C3 /* NSArray */;
			productType = "com.apple.product-type.tool";
		};
		AD9AD552280CE63B004996C3 /* BMITime */ = {
			isa = PBXNativeTarget;
			buildConfigurationList = AD9AD557280CE63B004996C3 /* Build configuration list for PBXNativeTarget "BMITime" */;
			buildPhases = (
				AD9AD54F280CE63B004996C3 /* Sources */,
				AD9AD550280CE63B004996C3 /* Frameworks */,
				AD9AD551280CE63B004996C3 /* CopyFiles */,
			);
			buildRules = (
			);
			dependencies = (
			);
			name = BMITime;
			productName = YourFirstClass;
			productReference = AD9AD553280CE63B004996C3 /* BMITime */;
			productType = "com.apple.product-type.tool";
		};
		ADB422BD280B047000D5C479 /* Message */ = {
			isa = PBXNativeTarget;
			buildConfigurationList = ADB422C5280B047000D5C479 /* Build configuration list for PBXNativeTarget "Message" */;
			buildPhases = (
				ADB422BA280B047000D5C479 /* Sources */,
				ADB422BB280B047000D5C479 /* Frameworks */,
				ADB422BC280B047000D5C479 /* CopyFiles */,
			);
			buildRules = (
			);
			dependencies = (
			);
			name = Message;
			productName = "OC Note";
			productReference = ADB422BE280B047000D5C479 /* Message */;
			productType = "com.apple.product-type.tool";
		};
		ADE904C42813D71100928E68 /* Blocks */ = {
			isa = PBXNativeTarget;
			buildConfigurationList = ADE904C92813D71100928E68 /* Build configuration list for PBXNativeTarget "Blocks" */;
			buildPhases = (
				ADE904C12813D71100928E68 /* Sources */,
				ADE904C22813D71100928E68 /* Frameworks */,
				ADE904C32813D71100928E68 /* CopyFiles */,
			);
			buildRules = (
			);
			dependencies = (
			);
			name = Blocks;
			productName = Blocks;
			productReference = ADE904C52813D71100928E68 /* Blocks */;
			productType = "com.apple.product-type.tool";
		};
		ADE904CF2814108C00928E68 /* init */ = {
			isa = PBXNativeTarget;
			buildConfigurationList = ADE904D42814108C00928E68 /* Build configuration list for PBXNativeTarget "init" */;
			buildPhases = (
				ADE904CC2814108C00928E68 /* Sources */,
				ADE904CD2814108C00928E68 /* Frameworks */,
				ADE904CE2814108C00928E68 /* CopyFiles */,
			);
			buildRules = (
			);
			dependencies = (
			);
			name = init;
			productName = init;
			productReference = ADE904D02814108C00928E68 /* init */;
			productType = "com.apple.product-type.tool";
		};
/* End PBXNativeTarget section */

/* Begin PBXProject section */
		ADB422B6280B047000D5C479 /* Project object */ = {
			isa = PBXProject;
			attributes = {
				BuildIndependentTargetsInParallel = 1;
				LastUpgradeCheck = 1330;
				TargetAttributes = {
					AD100A9428128237004FC8FD = {
						CreatedOnToolsVersion = 13.3.1;
					};
					AD100A9F28129116004FC8FD = {
						CreatedOnToolsVersion = 13.3.1;
					};
					AD2561D9280BB80B0098F27D = {
						CreatedOnToolsVersion = 13.3.1;
					};
					AD2561F2280BF2420098F27D = {
						CreatedOnToolsVersion = 13.3.1;
					};
					AD351FBA28104BCD0033D3CC = {
						CreatedOnToolsVersion = 13.3.1;
					};
					AD9AD53C280C32E9004996C3 = {
						CreatedOnToolsVersion = 13.3.1;
					};
					AD9AD547280C3999004996C3 = {
						CreatedOnToolsVersion = 13.3.1;
					};
					AD9AD552280CE63B004996C3 = {
						CreatedOnToolsVersion = 13.3.1;
					};
					ADB422BD280B047000D5C479 = {
						CreatedOnToolsVersion = 13.3.1;
					};
					ADE904C42813D71100928E68 = {
						CreatedOnToolsVersion = 13.3.1;
					};
					ADE904CF2814108C00928E68 = {
						CreatedOnToolsVersion = 13.3.1;
					};
				};
			};
			buildConfigurationList = ADB422B9280B047000D5C479 /* Build configuration list for PBXProject "OC Note" */;
			compatibilityVersion = "Xcode 9.3";
			developmentRegion = en;
			hasScannedForEncodings = 0;
			knownRegions = (
				en,
				Base,
			);
			mainGroup = ADB422B5280B047000D5C479;
			productRefGroup = ADB422BF280B047000D5C479 /* Products */;
			projectDirPath = "";
			projectRoot = "";
			targets = (
				ADB422BD280B047000D5C479 /* Message */,
				AD2561D9280BB80B0098F27D /* MessageAgain */,
				AD2561F2280BF2420098F27D /* ObjectAndMemory */,
				AD9AD53C280C32E9004996C3 /* NSString */,
				AD9AD547280C3999004996C3 /* NSArray */,
				AD9AD552280CE63B004996C3 /* BMITime */,
				AD351FBA28104BCD0033D3CC /* Constants */,
				AD100A9428128237004FC8FD /* File */,
				AD100A9F28129116004FC8FD /* Callbacks */,
				ADE904C42813D71100928E68 /* Blocks */,
				ADE904CF2814108C00928E68 /* init */,
			);
		};
/* End PBXProject section */

/* Begin PBXSourcesBuildPhase section */
		AD100A9128128237004FC8FD /* Sources */ = {
			isa = PBXSourcesBuildPhase;
			buildActionMask = 2147483647;
			files = (
				AD100A9828128237004FC8FD /* main.m in Sources */,
			);
			runOnlyForDeploymentPostprocessing = 0;
		};
		AD100A9C28129116004FC8FD /* Sources */ = {
			isa = PBXSourcesBuildPhase;
			buildActionMask = 2147483647;
			files = (
				ADE904C028139D0B00928E68 /* BNRLogger.m in Sources */,
				AD100AA328129116004FC8FD /* main.m in Sources */,
			);
			runOnlyForDeploymentPostprocessing = 0;
		};
		AD2561D6280BB80B0098F27D /* Sources */ = {
			isa = PBXSourcesBuildPhase;
			buildActionMask = 2147483647;
			files = (
				AD2561DD280BB80B0098F27D /* Date.m in Sources */,
			);
			runOnlyForDeploymentPostprocessing = 0;
		};
		AD2561EF280BF2420098F27D /* Sources */ = {
			isa = PBXSourcesBuildPhase;
			buildActionMask = 2147483647;
			files = (
				AD2561F6280BF2420098F27D /* TimesTwo.m in Sources */,
			);
			runOnlyForDeploymentPostprocessing = 0;
		};
		AD351FB728104BCD0033D3CC /* Sources */ = {
			isa = PBXSourcesBuildPhase;
			buildActionMask = 2147483647;
			files = (
				AD351FBE28104BCD0033D3CC /* main.m in Sources */,
			);
			runOnlyForDeploymentPostprocessing = 0;
		};
		AD9AD539280C32E9004996C3 /* Sources */ = {
			isa = PBXSourcesBuildPhase;
			buildActionMask = 2147483647;
			files = (
				AD9AD540280C32E9004996C3 /* main.m in Sources */,
			);
			runOnlyForDeploymentPostprocessing = 0;
		};
		AD9AD544280C3999004996C3 /* Sources */ = {
			isa = PBXSourcesBuildPhase;
			buildActionMask = 2147483647;
			files = (
				AD9AD54B280C3999004996C3 /* main.m in Sources */,
			);
			runOnlyForDeploymentPostprocessing = 0;
		};
		AD9AD54F280CE63B004996C3 /* Sources */ = {
			isa = PBXSourcesBuildPhase;
			buildActionMask = 2147483647;
			files = (
				AD8EE994280CFFD50059437E /* BNREmployee.m in Sources */,
				AD9AD556280CE63B004996C3 /* main.m in Sources */,
				AD9AD55B280CE693004996C3 /* BNRPerson.m in Sources */,
				AD7EBCD9280E4896009A4FFB /* BNRAsset.m in Sources */,
			);
			runOnlyForDeploymentPostprocessing = 0;
		};
		ADB422BA280B047000D5C479 /* Sources */ = {
			isa = PBXSourcesBuildPhase;
			buildActionMask = 2147483647;
			files = (
				ADB422C2280B047000D5C479 /* Hostname.m in Sources */,
			);
			runOnlyForDeploymentPostprocessing = 0;
		};
		ADE904C12813D71100928E68 /* Sources */ = {
			isa = PBXSourcesBuildPhase;
			buildActionMask = 2147483647;
			files = (
				ADE904C82813D71100928E68 /* main.m in Sources */,
			);
			runOnlyForDeploymentPostprocessing = 0;
		};
		ADE904CC2814108C00928E68 /* Sources */ = {
			isa = PBXSourcesBuildPhase;
			buildActionMask = 2147483647;
			files = (
				ADE904D9281410FB00928E68 /* BNRAppliance.m in Sources */,
				ADEE05ED2814DC1E008B1421 /* BNROwnedAppliance.m in Sources */,
				ADE904D32814108C00928E68 /* main.m in Sources */,
			);
			runOnlyForDeploymentPostprocessing = 0;
		};
/* End PBXSourcesBuildPhase section */

/* Begin XCBuildConfiguration section */
		AD100A9928128237004FC8FD /* Debug */ = {
			isa = XCBuildConfiguration;
			buildSettings = {
				CODE_SIGN_STYLE = Automatic;
				DEVELOPMENT_TEAM = YM9U6GJ233;
				ENABLE_HARDENED_RUNTIME = YES;
				MACOSX_DEPLOYMENT_TARGET = 12.3;
				PRODUCT_NAME = "$(TARGET_NAME)";
			};
			name = Debug;
		};
		AD100A9A28128237004FC8FD /* Release */ = {
			isa = XCBuildConfiguration;
			buildSettings = {
				CODE_SIGN_STYLE = Automatic;
				DEVELOPMENT_TEAM = YM9U6GJ233;
				ENABLE_HARDENED_RUNTIME = YES;
				MACOSX_DEPLOYMENT_TARGET = 12.3;
				PRODUCT_NAME = "$(TARGET_NAME)";
			};
			name = Release;
		};
		AD100AA528129116004FC8FD /* Debug */ = {
			isa = XCBuildConfiguration;
			buildSettings = {
				CODE_SIGN_STYLE = Automatic;
				DEVELOPMENT_TEAM = YM9U6GJ233;
				ENABLE_HARDENED_RUNTIME = YES;
				MACOSX_DEPLOYMENT_TARGET = 12.3;
				PRODUCT_NAME = "$(TARGET_NAME)";
			};
			name = Debug;
		};
		AD100AA628129116004FC8FD /* Release */ = {
			isa = XCBuildConfiguration;
			buildSettings = {
				CODE_SIGN_STYLE = Automatic;
				DEVELOPMENT_TEAM = YM9U6GJ233;
				ENABLE_HARDENED_RUNTIME = YES;
				MACOSX_DEPLOYMENT_TARGET = 12.3;
				PRODUCT_NAME = "$(TARGET_NAME)";
			};
			name = Release;
		};
		AD2561DF280BB80B0098F27D /* Debug */ = {
			isa = XCBuildConfiguration;
			buildSettings = {
				CODE_SIGN_STYLE = Automatic;
				DEVELOPMENT_TEAM = YM9U6GJ233;
				ENABLE_HARDENED_RUNTIME = YES;
				PRODUCT_NAME = "$(TARGET_NAME)";
			};
			name = Debug;
		};
		AD2561E0280BB80B0098F27D /* Release */ = {
			isa = XCBuildConfiguration;
			buildSettings = {
				CODE_SIGN_STYLE = Automatic;
				DEVELOPMENT_TEAM = YM9U6GJ233;
				ENABLE_HARDENED_RUNTIME = YES;
				PRODUCT_NAME = "$(TARGET_NAME)";
			};
			name = Release;
		};
		AD2561F8280BF2420098F27D /* Debug */ = {
			isa = XCBuildConfiguration;
			buildSettings = {
				CODE_SIGN_STYLE = Automatic;
				DEVELOPMENT_TEAM = YM9U6GJ233;
				ENABLE_HARDENED_RUNTIME = YES;
				PRODUCT_NAME = "$(TARGET_NAME)";
			};
			name = Debug;
		};
		AD2561F9280BF2420098F27D /* Release */ = {
			isa = XCBuildConfiguration;
			buildSettings = {
				CODE_SIGN_STYLE = Automatic;
				DEVELOPMENT_TEAM = YM9U6GJ233;
				ENABLE_HARDENED_RUNTIME = YES;
				PRODUCT_NAME = "$(TARGET_NAME)";
			};
			name = Release;
		};
		AD351FBF28104BCD0033D3CC /* Debug */ = {
			isa = XCBuildConfiguration;
			buildSettings = {
				CODE_SIGN_STYLE = Automatic;
				DEVELOPMENT_TEAM = YM9U6GJ233;
				ENABLE_HARDENED_RUNTIME = YES;
				PRODUCT_NAME = "$(TARGET_NAME)";
			};
			name = Debug;
		};
		AD351FC028104BCD0033D3CC /* Release */ = {
			isa = XCBuildConfiguration;
			buildSettings = {
				CODE_SIGN_STYLE = Automatic;
				DEVELOPMENT_TEAM = YM9U6GJ233;
				ENABLE_HARDENED_RUNTIME = YES;
				PRODUCT_NAME = "$(TARGET_NAME)";
			};
			name = Release;
		};
		AD9AD542280C32E9004996C3 /* Debug */ = {
			isa = XCBuildConfiguration;
			buildSettings = {
				CODE_SIGN_STYLE = Automatic;
				DEVELOPMENT_TEAM = YM9U6GJ233;
				ENABLE_HARDENED_RUNTIME = YES;
				PRODUCT_NAME = "$(TARGET_NAME)";
			};
			name = Debug;
		};
		AD9AD543280C32E9004996C3 /* Release */ = {
			isa = XCBuildConfiguration;
			buildSettings = {
				CODE_SIGN_STYLE = Automatic;
				DEVELOPMENT_TEAM = YM9U6GJ233;
				ENABLE_HARDENED_RUNTIME = YES;
				PRODUCT_NAME = "$(TARGET_NAME)";
			};
			name = Release;
		};
		AD9AD54D280C3999004996C3 /* Debug */ = {
			isa = XCBuildConfiguration;
			buildSettings = {
				CODE_SIGN_STYLE = Automatic;
				DEVELOPMENT_TEAM = YM9U6GJ233;
				ENABLE_HARDENED_RUNTIME = YES;
				PRODUCT_NAME = "$(TARGET_NAME)";
			};
			name = Debug;
		};
		AD9AD54E280C3999004996C3 /* Release */ = {
			isa = XCBuildConfiguration;
			buildSettings = {
				CODE_SIGN_STYLE = Automatic;
				DEVELOPMENT_TEAM = YM9U6GJ233;
				ENABLE_HARDENED_RUNTIME = YES;
				PRODUCT_NAME = "$(TARGET_NAME)";
			};
			name = Release;
		};
		AD9AD558280CE63B004996C3 /* Debug */ = {
			isa = XCBuildConfiguration;
			buildSettings = {
				CODE_SIGN_STYLE = Automatic;
				DEVELOPMENT_TEAM = YM9U6GJ233;
				ENABLE_HARDENED_RUNTIME = YES;
				PRODUCT_NAME = "$(TARGET_NAME)";
			};
			name = Debug;
		};
		AD9AD559280CE63B004996C3 /* Release */ = {
			isa = XCBuildConfiguration;
			buildSettings = {
				CODE_SIGN_STYLE = Automatic;
				DEVELOPMENT_TEAM = YM9U6GJ233;
				ENABLE_HARDENED_RUNTIME = YES;
				PRODUCT_NAME = "$(TARGET_NAME)";
			};
			name = Release;
		};
		ADB422C3280B047000D5C479 /* Debug */ = {
			isa = XCBuildConfiguration;
			buildSettings = {
				ALWAYS_SEARCH_USER_PATHS = NO;
				CLANG_ANALYZER_NONNULL = YES;
				CLANG_ANALYZER_NUMBER_OBJECT_CONVERSION = YES_AGGRESSIVE;
				CLANG_CXX_LANGUAGE_STANDARD = "gnu++17";
				CLANG_ENABLE_MODULES = YES;
				CLANG_ENABLE_OBJC_ARC = YES;
				CLANG_ENABLE_OBJC_WEAK = YES;
				CLANG_WARN_BLOCK_CAPTURE_AUTORELEASING = YES;
				CLANG_WARN_BOOL_CONVERSION = YES;
				CLANG_WARN_COMMA = YES;
				CLANG_WARN_CONSTANT_CONVERSION = YES;
				CLANG_WARN_DEPRECATED_OBJC_IMPLEMENTATIONS = YES;
				CLANG_WARN_DIRECT_OBJC_ISA_USAGE = YES_ERROR;
				CLANG_WARN_DOCUMENTATION_COMMENTS = YES;
				CLANG_WARN_EMPTY_BODY = YES;
				CLANG_WARN_ENUM_CONVERSION = YES;
				CLANG_WARN_INFINITE_RECURSION = YES;
				CLANG_WARN_INT_CONVERSION = YES;
				CLANG_WARN_NON_LITERAL_NULL_CONVERSION = YES;
				CLANG_WARN_OBJC_IMPLICIT_RETAIN_SELF = YES;
				CLANG_WARN_OBJC_LITERAL_CONVERSION = YES;
				CLANG_WARN_OBJC_ROOT_CLASS = YES_ERROR;
				CLANG_WARN_QUOTED_INCLUDE_IN_FRAMEWORK_HEADER = YES;
				CLANG_WARN_RANGE_LOOP_ANALYSIS = YES;
				CLANG_WARN_STRICT_PROTOTYPES = YES;
				CLANG_WARN_SUSPICIOUS_MOVE = YES;
				CLANG_WARN_UNGUARDED_AVAILABILITY = YES_AGGRESSIVE;
				CLANG_WARN_UNREACHABLE_CODE = YES;
				CLANG_WARN__DUPLICATE_METHOD_MATCH = YES;
				COPY_PHASE_STRIP = NO;
				DEBUG_INFORMATION_FORMAT = dwarf;
				ENABLE_STRICT_OBJC_MSGSEND = YES;
				ENABLE_TESTABILITY = YES;
				GCC_C_LANGUAGE_STANDARD = gnu11;
				GCC_DYNAMIC_NO_PIC = NO;
				GCC_NO_COMMON_BLOCKS = YES;
				GCC_OPTIMIZATION_LEVEL = 0;
				GCC_PREPROCESSOR_DEFINITIONS = (
					"DEBUG=1",
					"$(inherited)",
				);
				GCC_WARN_64_TO_32_BIT_CONVERSION = YES;
				GCC_WARN_ABOUT_RETURN_TYPE = YES_ERROR;
				GCC_WARN_UNDECLARED_SELECTOR = YES;
				GCC_WARN_UNINITIALIZED_AUTOS = YES_AGGRESSIVE;
				GCC_WARN_UNUSED_FUNCTION = YES;
				GCC_WARN_UNUSED_VARIABLE = YES;
				MACOSX_DEPLOYMENT_TARGET = 11.0;
				MTL_ENABLE_DEBUG_INFO = INCLUDE_SOURCE;
				MTL_FAST_MATH = YES;
				ONLY_ACTIVE_ARCH = YES;
				SDKROOT = macosx;
			};
			name = Debug;
		};
		ADB422C4280B047000D5C479 /* Release */ = {
			isa = XCBuildConfiguration;
			buildSettings = {
				ALWAYS_SEARCH_USER_PATHS = NO;
				CLANG_ANALYZER_NONNULL = YES;
				CLANG_ANALYZER_NUMBER_OBJECT_CONVERSION = YES_AGGRESSIVE;
				CLANG_CXX_LANGUAGE_STANDARD = "gnu++17";
				CLANG_ENABLE_MODULES = YES;
				CLANG_ENABLE_OBJC_ARC = YES;
				CLANG_ENABLE_OBJC_WEAK = YES;
				CLANG_WARN_BLOCK_CAPTURE_AUTORELEASING = YES;
				CLANG_WARN_BOOL_CONVERSION = YES;
				CLANG_WARN_COMMA = YES;
				CLANG_WARN_CONSTANT_CONVERSION = YES;
				CLANG_WARN_DEPRECATED_OBJC_IMPLEMENTATIONS = YES;
				CLANG_WARN_DIRECT_OBJC_ISA_USAGE = YES_ERROR;
				CLANG_WARN_DOCUMENTATION_COMMENTS = YES;
				CLANG_WARN_EMPTY_BODY = YES;
				CLANG_WARN_ENUM_CONVERSION = YES;
				CLANG_WARN_INFINITE_RECURSION = YES;
				CLANG_WARN_INT_CONVERSION = YES;
				CLANG_WARN_NON_LITERAL_NULL_CONVERSION = YES;
				CLANG_WARN_OBJC_IMPLICIT_RETAIN_SELF = YES;
				CLANG_WARN_OBJC_LITERAL_CONVERSION = YES;
				CLANG_WARN_OBJC_ROOT_CLASS = YES_ERROR;
				CLANG_WARN_QUOTED_INCLUDE_IN_FRAMEWORK_HEADER = YES;
				CLANG_WARN_RANGE_LOOP_ANALYSIS = YES;
				CLANG_WARN_STRICT_PROTOTYPES = YES;
				CLANG_WARN_SUSPICIOUS_MOVE = YES;
				CLANG_WARN_UNGUARDED_AVAILABILITY = YES_AGGRESSIVE;
				CLANG_WARN_UNREACHABLE_CODE = YES;
				CLANG_WARN__DUPLICATE_METHOD_MATCH = YES;
				COPY_PHASE_STRIP = NO;
				DEBUG_INFORMATION_FORMAT = "dwarf-with-dsym";
				ENABLE_NS_ASSERTIONS = NO;
				ENABLE_STRICT_OBJC_MSGSEND = YES;
				GCC_C_LANGUAGE_STANDARD = gnu11;
				GCC_NO_COMMON_BLOCKS = YES;
				GCC_WARN_64_TO_32_BIT_CONVERSION = YES;
				GCC_WARN_ABOUT_RETURN_TYPE = YES_ERROR;
				GCC_WARN_UNDECLARED_SELECTOR = YES;
				GCC_WARN_UNINITIALIZED_AUTOS = YES_AGGRESSIVE;
				GCC_WARN_UNUSED_FUNCTION = YES;
				GCC_WARN_UNUSED_VARIABLE = YES;
				MACOSX_DEPLOYMENT_TARGET = 11.0;
				MTL_ENABLE_DEBUG_INFO = NO;
				MTL_FAST_MATH = YES;
				SDKROOT = macosx;
			};
			name = Release;
		};
		ADB422C6280B047000D5C479 /* Debug */ = {
			isa = XCBuildConfiguration;
			buildSettings = {
				CODE_SIGN_STYLE = Automatic;
				DEVELOPMENT_TEAM = YM9U6GJ233;
				ENABLE_HARDENED_RUNTIME = YES;
				PRODUCT_NAME = "$(TARGET_NAME)";
			};
			name = Debug;
		};
		ADB422C7280B047000D5C479 /* Release */ = {
			isa = XCBuildConfiguration;
			buildSettings = {
				CODE_SIGN_STYLE = Automatic;
				DEVELOPMENT_TEAM = YM9U6GJ233;
				ENABLE_HARDENED_RUNTIME = YES;
				PRODUCT_NAME = "$(TARGET_NAME)";
			};
			name = Release;
		};
		ADE904CA2813D71100928E68 /* Debug */ = {
			isa = XCBuildConfiguration;
			buildSettings = {
				CODE_SIGN_STYLE = Automatic;
				DEVELOPMENT_TEAM = YM9U6GJ233;
				ENABLE_HARDENED_RUNTIME = YES;
				MACOSX_DEPLOYMENT_TARGET = 12.3;
				PRODUCT_NAME = "$(TARGET_NAME)";
			};
			name = Debug;
		};
		ADE904CB2813D71100928E68 /* Release */ = {
			isa = XCBuildConfiguration;
			buildSettings = {
				CODE_SIGN_STYLE = Automatic;
				DEVELOPMENT_TEAM = YM9U6GJ233;
				ENABLE_HARDENED_RUNTIME = YES;
				MACOSX_DEPLOYMENT_TARGET = 12.3;
				PRODUCT_NAME = "$(TARGET_NAME)";
			};
			name = Release;
		};
		ADE904D52814108C00928E68 /* Debug */ = {
			isa = XCBuildConfiguration;
			buildSettings = {
				CODE_SIGN_STYLE = Automatic;
				DEVELOPMENT_TEAM = YM9U6GJ233;
				ENABLE_HARDENED_RUNTIME = YES;
				MACOSX_DEPLOYMENT_TARGET = 12.3;
				PRODUCT_NAME = "$(TARGET_NAME)";
			};
			name = Debug;
		};
		ADE904D62814108C00928E68 /* Release */ = {
			isa = XCBuildConfiguration;
			buildSettings = {
				CODE_SIGN_STYLE = Automatic;
				DEVELOPMENT_TEAM = YM9U6GJ233;
				ENABLE_HARDENED_RUNTIME = YES;
				MACOSX_DEPLOYMENT_TARGET = 12.3;
				PRODUCT_NAME = "$(TARGET_NAME)";
			};
			name = Release;
		};
/* End XCBuildConfiguration section */

/* Begin XCConfigurationList section */
		AD100A9B28128237004FC8FD /* Build configuration list for PBXNativeTarget "File" */ = {
			isa = XCConfigurationList;
			buildConfigurations = (
				AD100A9928128237004FC8FD /* Debug */,
				AD100A9A28128237004FC8FD /* Release */,
			);
			defaultConfigurationIsVisible = 0;
			defaultConfigurationName = Release;
		};
		AD100AA428129116004FC8FD /* Build configuration list for PBXNativeTarget "Callbacks" */ = {
			isa = XCConfigurationList;
			buildConfigurations = (
				AD100AA528129116004FC8FD /* Debug */,
				AD100AA628129116004FC8FD /* Release */,
			);
			defaultConfigurationIsVisible = 0;
			defaultConfigurationName = Release;
		};
		AD2561DE280BB80B0098F27D /* Build configuration list for PBXNativeTarget "MessageAgain" */ = {
			isa = XCConfigurationList;
			buildConfigurations = (
				AD2561DF280BB80B0098F27D /* Debug */,
				AD2561E0280BB80B0098F27D /* Release */,
			);
			defaultConfigurationIsVisible = 0;
			defaultConfigurationName = Release;
		};
		AD2561F7280BF2420098F27D /* Build configuration list for PBXNativeTarget "ObjectAndMemory" */ = {
			isa = XCConfigurationList;
			buildConfigurations = (
				AD2561F8280BF2420098F27D /* Debug */,
				AD2561F9280BF2420098F27D /* Release */,
			);
			defaultConfigurationIsVisible = 0;
			defaultConfigurationName = Release;
		};
		AD351FC128104BCD0033D3CC /* Build configuration list for PBXNativeTarget "Constants" */ = {
			isa = XCConfigurationList;
			buildConfigurations = (
				AD351FBF28104BCD0033D3CC /* Debug */,
				AD351FC028104BCD0033D3CC /* Release */,
			);
			defaultConfigurationIsVisible = 0;
			defaultConfigurationName = Release;
		};
		AD9AD541280C32E9004996C3 /* Build configuration list for PBXNativeTarget "NSString" */ = {
			isa = XCConfigurationList;
			buildConfigurations = (
				AD9AD542280C32E9004996C3 /* Debug */,
				AD9AD543280C32E9004996C3 /* Release */,
			);
			defaultConfigurationIsVisible = 0;
			defaultConfigurationName = Release;
		};
		AD9AD54C280C3999004996C3 /* Build configuration list for PBXNativeTarget "NSArray" */ = {
			isa = XCConfigurationList;
			buildConfigurations = (
				AD9AD54D280C3999004996C3 /* Debug */,
				AD9AD54E280C3999004996C3 /* Release */,
			);
			defaultConfigurationIsVisible = 0;
			defaultConfigurationName = Release;
		};
		AD9AD557280CE63B004996C3 /* Build configuration list for PBXNativeTarget "BMITime" */ = {
			isa = XCConfigurationList;
			buildConfigurations = (
				AD9AD558280CE63B004996C3 /* Debug */,
				AD9AD559280CE63B004996C3 /* Release */,
			);
			defaultConfigurationIsVisible = 0;
			defaultConfigurationName = Release;
		};
		ADB422B9280B047000D5C479 /* Build configuration list for PBXProject "OC Note" */ = {
			isa = XCConfigurationList;
			buildConfigurations = (
				ADB422C3280B047000D5C479 /* Debug */,
				ADB422C4280B047000D5C479 /* Release */,
			);
			defaultConfigurationIsVisible = 0;
			defaultConfigurationName = Release;
		};
		ADB422C5280B047000D5C479 /* Build configuration list for PBXNativeTarget "Message" */ = {
			isa = XCConfigurationList;
			buildConfigurations = (
				ADB422C6280B047000D5C479 /* Debug */,
				ADB422C7280B047000D5C479 /* Release */,
			);
			defaultConfigurationIsVisible = 0;
			defaultConfigurationName = Release;
		};
		ADE904C92813D71100928E68 /* Build configuration list for PBXNativeTarget "Blocks" */ = {
			isa = XCConfigurationList;
			buildConfigurations = (
				ADE904CA2813D71100928E68 /* Debug */,
				ADE904CB2813D71100928E68 /* Release */,
			);
			defaultConfigurationIsVisible = 0;
			defaultConfigurationName = Release;
		};
		ADE904D42814108C00928E68 /* Build configuration list for PBXNativeTarget "init" */ = {
			isa = XCConfigurationList;
			buildConfigurations = (
				ADE904D52814108C00928E68 /* Debug */,
				ADE904D62814108C00928E68 /* Release */,
			);
			defaultConfigurationIsVisible = 0;
			defaultConfigurationName = Release;
		};
/* End XCConfigurationList section */
	};
	rootObject = ADB422B6280B047000D5C479 /* Project object */;
}
