// !$*UTF8*$!
{
	archiveVersion = 1;
	classes = {
	};
	objectVersion = 55;
	objects = {

/* Begin PBXBuildFile section */
		AD0EEA852845F3DD00B385AB /* main.m in Sources */ = {isa = PBXBuildFile; fileRef = AD0EEA842845F3DD00B385AB /* main.m */; };
		AD0EEA8C2845F47100B385AB /* LightOnCommand.m in Sources */ = {isa = PBXBuildFile; fileRef = AD0EEA8B2845F47100B385AB /* LightOnCommand.m */; };
		AD0EEA8F2845F4B200B385AB /* Light.m in Sources */ = {isa = PBXBuildFile; fileRef = AD0EEA8E2845F4B200B385AB /* Light.m */; };
		AD0EEA922845F5B800B385AB /* RemoteControl.m in Sources */ = {isa = PBXBuildFile; fileRef = AD0EEA912845F5B800B385AB /* RemoteControl.m */; };
		AD0EEA9928460CA400B385AB /* GarageDoor.m in Sources */ = {isa = PBXBuildFile; fileRef = AD0EEA9828460CA400B385AB /* GarageDoor.m */; };
		AD0EEA9D28460DDF00B385AB /* GarageDoorOpenCommand.m in Sources */ = {isa = PBXBuildFile; fileRef = AD0EEA9C28460DDF00B385AB /* GarageDoorOpenCommand.m */; };
		AD0EEAA028463F9100B385AB /* NoCommand.m in Sources */ = {isa = PBXBuildFile; fileRef = AD0EEA9F28463F9100B385AB /* NoCommand.m */; };
		AD0EEAA32846489100B385AB /* LightOffCommand.m in Sources */ = {isa = PBXBuildFile; fileRef = AD0EEAA22846489100B385AB /* LightOffCommand.m */; };
		AD0EEAA6284649B500B385AB /* Stereo.m in Sources */ = {isa = PBXBuildFile; fileRef = AD0EEAA5284649B500B385AB /* Stereo.m */; };
		AD0EEAA928464A5300B385AB /* StereoOnWithCDCommand.m in Sources */ = {isa = PBXBuildFile; fileRef = AD0EEAA828464A5300B385AB /* StereoOnWithCDCommand.m */; };
		AD0EEAAC2846519B00B385AB /* GarageDoorCloseCommand.m in Sources */ = {isa = PBXBuildFile; fileRef = AD0EEAAB2846519B00B385AB /* GarageDoorCloseCommand.m */; };
		AD0EEAAF2846525A00B385AB /* StereoOffWithCDCommand.m in Sources */ = {isa = PBXBuildFile; fileRef = AD0EEAAE2846525A00B385AB /* StereoOffWithCDCommand.m */; };
		AD16ACA62840B079005A26DC /* HouseBlend.m in Sources */ = {isa = PBXBuildFile; fileRef = AD16ACA52840B079005A26DC /* HouseBlend.m */; };
		AD16ACA92840B25A005A26DC /* Condiment.m in Sources */ = {isa = PBXBuildFile; fileRef = AD16ACA82840B25A005A26DC /* Condiment.m */; };
		AD16ACAC2840B36C005A26DC /* Espresso.m in Sources */ = {isa = PBXBuildFile; fileRef = AD16ACAB2840B36C005A26DC /* Espresso.m */; };
		AD16ACAF2840B499005A26DC /* Mocha.m in Sources */ = {isa = PBXBuildFile; fileRef = AD16ACAE2840B499005A26DC /* Mocha.m */; };
		AD16ACB22840B533005A26DC /* Soy.m in Sources */ = {isa = PBXBuildFile; fileRef = AD16ACB12840B533005A26DC /* Soy.m */; };
		AD16ACBA28411F09005A26DC /* main.m in Sources */ = {isa = PBXBuildFile; fileRef = AD16ACB928411F09005A26DC /* main.m */; };
		AD16ACC028411F24005A26DC /* PizzaStore.m in Sources */ = {isa = PBXBuildFile; fileRef = AD16ACBF28411F24005A26DC /* PizzaStore.m */; };
		AD16ACC328411FBF005A26DC /* Pizza.m in Sources */ = {isa = PBXBuildFile; fileRef = AD16ACC228411FBF005A26DC /* Pizza.m */; };
		AD16ACC62841226B005A26DC /* NYStyleCheesePizza.m in Sources */ = {isa = PBXBuildFile; fileRef = AD16ACC52841226B005A26DC /* NYStyleCheesePizza.m */; };
		AD16ACC92841B29C005A26DC /* NYPizzaStore.m in Sources */ = {isa = PBXBuildFile; fileRef = AD16ACC82841B29C005A26DC /* NYPizzaStore.m */; };
		AD16ACCC2841B574005A26DC /* ChiPizzaStore.m in Sources */ = {isa = PBXBuildFile; fileRef = AD16ACCB2841B574005A26DC /* ChiPizzaStore.m */; };
		AD16ACCF2841B5FC005A26DC /* ChiStyleCheesePizza.m in Sources */ = {isa = PBXBuildFile; fileRef = AD16ACCE2841B5FC005A26DC /* ChiStyleCheesePizza.m */; };
		AD2B38662841C4BE00046E6D /* NYPizzaIngredientFactory.m in Sources */ = {isa = PBXBuildFile; fileRef = AD2B38652841C4BE00046E6D /* NYPizzaIngredientFactory.m */; };
		AD2B38692841C50B00046E6D /* ThinCrustDough.m in Sources */ = {isa = PBXBuildFile; fileRef = AD2B38682841C50B00046E6D /* ThinCrustDough.m */; };
		AD2B38712841C72B00046E6D /* MarinaraSauce.m in Sources */ = {isa = PBXBuildFile; fileRef = AD2B38702841C72B00046E6D /* MarinaraSauce.m */; };
		AD2B38742841C74300046E6D /* ReggianoCheese.m in Sources */ = {isa = PBXBuildFile; fileRef = AD2B38732841C74300046E6D /* ReggianoCheese.m */; };
		AD2B38772841C76900046E6D /* FreshClams.m in Sources */ = {isa = PBXBuildFile; fileRef = AD2B38762841C76900046E6D /* FreshClams.m */; };
		AD2B387E2841D47100046E6D /* CheesePizza.m in Sources */ = {isa = PBXBuildFile; fileRef = AD2B387D2841D47100046E6D /* CheesePizza.m */; };
		AD2B38812841D6AD00046E6D /* ClamPizza.m in Sources */ = {isa = PBXBuildFile; fileRef = AD2B38802841D6AD00046E6D /* ClamPizza.m */; };
		AD3D71D2283E3ECC003C0E2A /* main.m in Sources */ = {isa = PBXBuildFile; fileRef = AD3D71D1283E3ECC003C0E2A /* main.m */; };
		AD3D71E3283E4206003C0E2A /* Duck.m in Sources */ = {isa = PBXBuildFile; fileRef = AD3D71E2283E4206003C0E2A /* Duck.m */; };
		AD45EE9E283E486B002E2BCE /* FlyNoWay.m in Sources */ = {isa = PBXBuildFile; fileRef = AD45EE9D283E486B002E2BCE /* FlyNoWay.m */; };
		AD45EEA1283E48D8002E2BCE /* FlyWithWings.m in Sources */ = {isa = PBXBuildFile; fileRef = AD45EEA0283E48D8002E2BCE /* FlyWithWings.m */; };
		AD45EEA4283E4924002E2BCE /* FlyRocketPowered.m in Sources */ = {isa = PBXBuildFile; fileRef = AD45EEA3283E4924002E2BCE /* FlyRocketPowered.m */; };
		AD45EEA7283E4970002E2BCE /* Quack.m in Sources */ = {isa = PBXBuildFile; fileRef = AD45EEA6283E4970002E2BCE /* Quack.m */; };
		AD45EEAA283E49C7002E2BCE /* Squeak.m in Sources */ = {isa = PBXBuildFile; fileRef = AD45EEA9283E49C7002E2BCE /* Squeak.m */; };
		AD45EEAD283E4A01002E2BCE /* MuteQuack.m in Sources */ = {isa = PBXBuildFile; fileRef = AD45EEAC283E4A01002E2BCE /* MuteQuack.m */; };
		AD45EEB0283E4B57002E2BCE /* MallardDuck.m in Sources */ = {isa = PBXBuildFile; fileRef = AD45EEAF283E4B57002E2BCE /* MallardDuck.m */; };
		AD45EEB3283E4B81002E2BCE /* ModelDuck.m in Sources */ = {isa = PBXBuildFile; fileRef = AD45EEB2283E4B81002E2BCE /* ModelDuck.m */; };
		AD4A62CA28488EB5004BBDAA /* main.m in Sources */ = {isa = PBXBuildFile; fileRef = AD4A62C928488EB5004BBDAA /* main.m */; };
		AD4A62D028488EE8004BBDAA /* HomeTheaterFacade.m in Sources */ = {isa = PBXBuildFile; fileRef = AD4A62CF28488EE8004BBDAA /* HomeTheaterFacade.m */; };
		AD4A62D428488F62004BBDAA /* Amplifier.m in Sources */ = {isa = PBXBuildFile; fileRef = AD4A62D328488F62004BBDAA /* Amplifier.m */; };
		AD4A62D728488FAF004BBDAA /* Tuner.m in Sources */ = {isa = PBXBuildFile; fileRef = AD4A62D628488FAF004BBDAA /* Tuner.m */; };
		AD4A62DA28488FC0004BBDAA /* DvdPlayer.m in Sources */ = {isa = PBXBuildFile; fileRef = AD4A62D928488FC0004BBDAA /* DvdPlayer.m */; };
		AD4A62DD28488FCA004BBDAA /* CdPlayer.m in Sources */ = {isa = PBXBuildFile; fileRef = AD4A62DC28488FCA004BBDAA /* CdPlayer.m */; };
		AD4A62E028488FD8004BBDAA /* Projector.m in Sources */ = {isa = PBXBuildFile; fileRef = AD4A62DF28488FD8004BBDAA /* Projector.m */; };
		AD4A62E32848900F004BBDAA /* TheaterLights.m in Sources */ = {isa = PBXBuildFile; fileRef = AD4A62E22848900F004BBDAA /* TheaterLights.m */; };
		AD4A62E62848902D004BBDAA /* Screen.m in Sources */ = {isa = PBXBuildFile; fileRef = AD4A62E52848902D004BBDAA /* Screen.m */; };
		AD4A62E92848903C004BBDAA /* PopcornPopper.m in Sources */ = {isa = PBXBuildFile; fileRef = AD4A62E82848903C004BBDAA /* PopcornPopper.m */; };
		AD5763A52840A0690015D670 /* main.m in Sources */ = {isa = PBXBuildFile; fileRef = AD5763A42840A0690015D670 /* main.m */; };
		AD5763AB2840A59A0015D670 /* Beverage.m in Sources */ = {isa = PBXBuildFile; fileRef = AD5763AA2840A59A0015D670 /* Beverage.m */; };
		ADB48FEE283F47FF00EC7289 /* main.m in Sources */ = {isa = PBXBuildFile; fileRef = ADB48FED283F47FF00EC7289 /* main.m */; };
		ADB48FF2283F492200EC7289 /* WeatherData.m in Sources */ = {isa = PBXBuildFile; fileRef = ADB48FF1283F492200EC7289 /* WeatherData.m */; };
		ADB48FF7283F4EB200EC7289 /* CurrentCondationsDisplay.m in Sources */ = {isa = PBXBuildFile; fileRef = ADB48FF6283F4EB200EC7289 /* CurrentCondationsDisplay.m */; };
		ADB48FFA283F53D100EC7289 /* ForecastDisplay.m in Sources */ = {isa = PBXBuildFile; fileRef = ADB48FF9283F53D100EC7289 /* ForecastDisplay.m */; };
		ADCE15262847421C00C03B50 /* main.m in Sources */ = {isa = PBXBuildFile; fileRef = ADCE15252847421C00C03B50 /* main.m */; };
		ADCE152D2847451100C03B50 /* MallardDuck.m in Sources */ = {isa = PBXBuildFile; fileRef = ADCE152C2847451100C03B50 /* MallardDuck.m */; };
		ADCE1531284745C900C03B50 /* WildTurkey.m in Sources */ = {isa = PBXBuildFile; fileRef = ADCE1530284745C900C03B50 /* WildTurkey.m */; };
		ADCE15342847462300C03B50 /* TurkeyAdapter.m in Sources */ = {isa = PBXBuildFile; fileRef = ADCE15332847462300C03B50 /* TurkeyAdapter.m */; };
		ADD75DF928433E65008F1231 /* main.m in Sources */ = {isa = PBXBuildFile; fileRef = ADD75DF828433E65008F1231 /* main.m */; };
		ADD75E0228434395008F1231 /* ChocolateBoiler.m in Sources */ = {isa = PBXBuildFile; fileRef = ADD75E0128434395008F1231 /* ChocolateBoiler.m */; };
/* End PBXBuildFile section */

/* Begin PBXCopyFilesBuildPhase section */
		AD0EEA802845F3DD00B385AB /* CopyFiles */ = {
			isa = PBXCopyFilesBuildPhase;
			buildActionMask = 2147483647;
			dstPath = /usr/share/man/man1/;
			dstSubfolderSpec = 0;
			files = (
			);
			runOnlyForDeploymentPostprocessing = 1;
		};
		AD16ACB528411F09005A26DC /* CopyFiles */ = {
			isa = PBXCopyFilesBuildPhase;
			buildActionMask = 2147483647;
			dstPath = /usr/share/man/man1/;
			dstSubfolderSpec = 0;
			files = (
			);
			runOnlyForDeploymentPostprocessing = 1;
		};
		AD3D71CC283E3ECB003C0E2A /* CopyFiles */ = {
			isa = PBXCopyFilesBuildPhase;
			buildActionMask = 2147483647;
			dstPath = /usr/share/man/man1/;
			dstSubfolderSpec = 0;
			files = (
			);
			runOnlyForDeploymentPostprocessing = 1;
		};
		AD4A62C528488EB5004BBDAA /* CopyFiles */ = {
			isa = PBXCopyFilesBuildPhase;
			buildActionMask = 2147483647;
			dstPath = /usr/share/man/man1/;
			dstSubfolderSpec = 0;
			files = (
			);
			runOnlyForDeploymentPostprocessing = 1;
		};
		AD5763A02840A0690015D670 /* CopyFiles */ = {
			isa = PBXCopyFilesBuildPhase;
			buildActionMask = 2147483647;
			dstPath = /usr/share/man/man1/;
			dstSubfolderSpec = 0;
			files = (
			);
			runOnlyForDeploymentPostprocessing = 1;
		};
		ADB48FE4283F47B000EC7289 /* CopyFiles */ = {
			isa = PBXCopyFilesBuildPhase;
			buildActionMask = 2147483647;
			dstPath = /usr/share/man/man1/;
			dstSubfolderSpec = 0;
			files = (
			);
			runOnlyForDeploymentPostprocessing = 1;
		};
		ADCE15212847421C00C03B50 /* CopyFiles */ = {
			isa = PBXCopyFilesBuildPhase;
			buildActionMask = 2147483647;
			dstPath = /usr/share/man/man1/;
			dstSubfolderSpec = 0;
			files = (
			);
			runOnlyForDeploymentPostprocessing = 1;
		};
		ADD75DF428433E65008F1231 /* CopyFiles */ = {
			isa = PBXCopyFilesBuildPhase;
			buildActionMask = 2147483647;
			dstPath = /usr/share/man/man1/;
			dstSubfolderSpec = 0;
			files = (
			);
			runOnlyForDeploymentPostprocessing = 1;
		};
/* End PBXCopyFilesBuildPhase section */

/* Begin PBXFileReference section */
		AD0EEA822845F3DD00B385AB /* CommandPattern */ = {isa = PBXFileReference; explicitFileType = "compiled.mach-o.executable"; includeInIndex = 0; path = CommandPattern; sourceTree = BUILT_PRODUCTS_DIR; };
		AD0EEA842845F3DD00B385AB /* main.m */ = {isa = PBXFileReference; lastKnownFileType = sourcecode.c.objc; path = main.m; sourceTree = "<group>"; };
		AD0EEA892845F42300B385AB /* Command.h */ = {isa = PBXFileReference; lastKnownFileType = sourcecode.c.h; path = Command.h; sourceTree = "<group>"; };
		AD0EEA8A2845F47100B385AB /* LightOnCommand.h */ = {isa = PBXFileReference; lastKnownFileType = sourcecode.c.h; path = LightOnCommand.h; sourceTree = "<group>"; };
		AD0EEA8B2845F47100B385AB /* LightOnCommand.m */ = {isa = PBXFileReference; lastKnownFileType = sourcecode.c.objc; path = LightOnCommand.m; sourceTree = "<group>"; };
		AD0EEA8D2845F4B200B385AB /* Light.h */ = {isa = PBXFileReference; lastKnownFileType = sourcecode.c.h; path = Light.h; sourceTree = "<group>"; };
		AD0EEA8E2845F4B200B385AB /* Light.m */ = {isa = PBXFileReference; lastKnownFileType = sourcecode.c.objc; path = Light.m; sourceTree = "<group>"; };
		AD0EEA902845F5B800B385AB /* RemoteControl.h */ = {isa = PBXFileReference; lastKnownFileType = sourcecode.c.h; path = RemoteControl.h; sourceTree = "<group>"; };
		AD0EEA912845F5B800B385AB /* RemoteControl.m */ = {isa = PBXFileReference; lastKnownFileType = sourcecode.c.objc; path = RemoteControl.m; sourceTree = "<group>"; };
		AD0EEA9728460CA400B385AB /* GarageDoor.h */ = {isa = PBXFileReference; lastKnownFileType = sourcecode.c.h; path = GarageDoor.h; sourceTree = "<group>"; };
		AD0EEA9828460CA400B385AB /* GarageDoor.m */ = {isa = PBXFileReference; lastKnownFileType = sourcecode.c.objc; path = GarageDoor.m; sourceTree = "<group>"; };
		AD0EEA9B28460DDF00B385AB /* GarageDoorOpenCommand.h */ = {isa = PBXFileReference; lastKnownFileType = sourcecode.c.h; path = GarageDoorOpenCommand.h; sourceTree = "<group>"; };
		AD0EEA9C28460DDF00B385AB /* GarageDoorOpenCommand.m */ = {isa = PBXFileReference; lastKnownFileType = sourcecode.c.objc; path = GarageDoorOpenCommand.m; sourceTree = "<group>"; };
		AD0EEA9E28463F9100B385AB /* NoCommand.h */ = {isa = PBXFileReference; lastKnownFileType = sourcecode.c.h; path = NoCommand.h; sourceTree = "<group>"; };
		AD0EEA9F28463F9100B385AB /* NoCommand.m */ = {isa = PBXFileReference; lastKnownFileType = sourcecode.c.objc; path = NoCommand.m; sourceTree = "<group>"; };
		AD0EEAA12846489100B385AB /* LightOffCommand.h */ = {isa = PBXFileReference; lastKnownFileType = sourcecode.c.h; path = LightOffCommand.h; sourceTree = "<group>"; };
		AD0EEAA22846489100B385AB /* LightOffCommand.m */ = {isa = PBXFileReference; lastKnownFileType = sourcecode.c.objc; path = LightOffCommand.m; sourceTree = "<group>"; };
		AD0EEAA4284649B500B385AB /* Stereo.h */ = {isa = PBXFileReference; lastKnownFileType = sourcecode.c.h; path = Stereo.h; sourceTree = "<group>"; };
		AD0EEAA5284649B500B385AB /* Stereo.m */ = {isa = PBXFileReference; lastKnownFileType = sourcecode.c.objc; path = Stereo.m; sourceTree = "<group>"; };
		AD0EEAA728464A5300B385AB /* StereoOnWithCDCommand.h */ = {isa = PBXFileReference; lastKnownFileType = sourcecode.c.h; path = StereoOnWithCDCommand.h; sourceTree = "<group>"; };
		AD0EEAA828464A5300B385AB /* StereoOnWithCDCommand.m */ = {isa = PBXFileReference; lastKnownFileType = sourcecode.c.objc; path = StereoOnWithCDCommand.m; sourceTree = "<group>"; };
		AD0EEAAA2846519B00B385AB /* GarageDoorCloseCommand.h */ = {isa = PBXFileReference; lastKnownFileType = sourcecode.c.h; path = GarageDoorCloseCommand.h; sourceTree = "<group>"; };
		AD0EEAAB2846519B00B385AB /* GarageDoorCloseCommand.m */ = {isa = PBXFileReference; lastKnownFileType = sourcecode.c.objc; path = GarageDoorCloseCommand.m; sourceTree = "<group>"; };
		AD0EEAAD2846525A00B385AB /* StereoOffWithCDCommand.h */ = {isa = PBXFileReference; lastKnownFileType = sourcecode.c.h; path = StereoOffWithCDCommand.h; sourceTree = "<group>"; };
		AD0EEAAE2846525A00B385AB /* StereoOffWithCDCommand.m */ = {isa = PBXFileReference; lastKnownFileType = sourcecode.c.objc; path = StereoOffWithCDCommand.m; sourceTree = "<group>"; };
		AD16ACA42840B079005A26DC /* HouseBlend.h */ = {isa = PBXFileReference; lastKnownFileType = sourcecode.c.h; path = HouseBlend.h; sourceTree = "<group>"; };
		AD16ACA52840B079005A26DC /* HouseBlend.m */ = {isa = PBXFileReference; lastKnownFileType = sourcecode.c.objc; path = HouseBlend.m; sourceTree = "<group>"; };
		AD16ACA72840B25A005A26DC /* Condiment.h */ = {isa = PBXFileReference; lastKnownFileType = sourcecode.c.h; path = Condiment.h; sourceTree = "<group>"; };
		AD16ACA82840B25A005A26DC /* Condiment.m */ = {isa = PBXFileReference; lastKnownFileType = sourcecode.c.objc; path = Condiment.m; sourceTree = "<group>"; };
		AD16ACAA2840B36C005A26DC /* Espresso.h */ = {isa = PBXFileReference; lastKnownFileType = sourcecode.c.h; path = Espresso.h; sourceTree = "<group>"; };
		AD16ACAB2840B36C005A26DC /* Espresso.m */ = {isa = PBXFileReference; lastKnownFileType = sourcecode.c.objc; path = Espresso.m; sourceTree = "<group>"; };
		AD16ACAD2840B499005A26DC /* Mocha.h */ = {isa = PBXFileReference; lastKnownFileType = sourcecode.c.h; path = Mocha.h; sourceTree = "<group>"; };
		AD16ACAE2840B499005A26DC /* Mocha.m */ = {isa = PBXFileReference; lastKnownFileType = sourcecode.c.objc; path = Mocha.m; sourceTree = "<group>"; };
		AD16ACB02840B533005A26DC /* Soy.h */ = {isa = PBXFileReference; lastKnownFileType = sourcecode.c.h; path = Soy.h; sourceTree = "<group>"; };
		AD16ACB12840B533005A26DC /* Soy.m */ = {isa = PBXFileReference; lastKnownFileType = sourcecode.c.objc; path = Soy.m; sourceTree = "<group>"; };
		AD16ACB728411F09005A26DC /* FactoryPattern */ = {isa = PBXFileReference; explicitFileType = "compiled.mach-o.executable"; includeInIndex = 0; path = FactoryPattern; sourceTree = BUILT_PRODUCTS_DIR; };
		AD16ACB928411F09005A26DC /* main.m */ = {isa = PBXFileReference; lastKnownFileType = sourcecode.c.objc; path = main.m; sourceTree = "<group>"; };
		AD16ACBE28411F24005A26DC /* PizzaStore.h */ = {isa = PBXFileReference; lastKnownFileType = sourcecode.c.h; path = PizzaStore.h; sourceTree = "<group>"; };
		AD16ACBF28411F24005A26DC /* PizzaStore.m */ = {isa = PBXFileReference; lastKnownFileType = sourcecode.c.objc; path = PizzaStore.m; sourceTree = "<group>"; };
		AD16ACC128411FBF005A26DC /* Pizza.h */ = {isa = PBXFileReference; lastKnownFileType = sourcecode.c.h; path = Pizza.h; sourceTree = "<group>"; };
		AD16ACC228411FBF005A26DC /* Pizza.m */ = {isa = PBXFileReference; lastKnownFileType = sourcecode.c.objc; path = Pizza.m; sourceTree = "<group>"; };
		AD16ACC42841226B005A26DC /* NYStyleCheesePizza.h */ = {isa = PBXFileReference; lastKnownFileType = sourcecode.c.h; path = NYStyleCheesePizza.h; sourceTree = "<group>"; };
		AD16ACC52841226B005A26DC /* NYStyleCheesePizza.m */ = {isa = PBXFileReference; lastKnownFileType = sourcecode.c.objc; path = NYStyleCheesePizza.m; sourceTree = "<group>"; };
		AD16ACC72841B29C005A26DC /* NYPizzaStore.h */ = {isa = PBXFileReference; lastKnownFileType = sourcecode.c.h; path = NYPizzaStore.h; sourceTree = "<group>"; };
		AD16ACC82841B29C005A26DC /* NYPizzaStore.m */ = {isa = PBXFileReference; lastKnownFileType = sourcecode.c.objc; path = NYPizzaStore.m; sourceTree = "<group>"; };
		AD16ACCA2841B574005A26DC /* ChiPizzaStore.h */ = {isa = PBXFileReference; lastKnownFileType = sourcecode.c.h; path = ChiPizzaStore.h; sourceTree = "<group>"; };
		AD16ACCB2841B574005A26DC /* ChiPizzaStore.m */ = {isa = PBXFileReference; lastKnownFileType = sourcecode.c.objc; path = ChiPizzaStore.m; sourceTree = "<group>"; };
		AD16ACCD2841B5FC005A26DC /* ChiStyleCheesePizza.h */ = {isa = PBXFileReference; lastKnownFileType = sourcecode.c.h; path = ChiStyleCheesePizza.h; sourceTree = "<group>"; };
		AD16ACCE2841B5FC005A26DC /* ChiStyleCheesePizza.m */ = {isa = PBXFileReference; lastKnownFileType = sourcecode.c.objc; path = ChiStyleCheesePizza.m; sourceTree = "<group>"; };
		AD16ACD02841C275005A26DC /* PizzaIngredientFactory.h */ = {isa = PBXFileReference; lastKnownFileType = sourcecode.c.h; path = PizzaIngredientFactory.h; sourceTree = "<group>"; };
		AD16ACD12841C309005A26DC /* Dough.h */ = {isa = PBXFileReference; lastKnownFileType = sourcecode.c.h; path = Dough.h; sourceTree = "<group>"; };
		AD2B38642841C4BE00046E6D /* NYPizzaIngredientFactory.h */ = {isa = PBXFileReference; lastKnownFileType = sourcecode.c.h; path = NYPizzaIngredientFactory.h; sourceTree = "<group>"; };
		AD2B38652841C4BE00046E6D /* NYPizzaIngredientFactory.m */ = {isa = PBXFileReference; lastKnownFileType = sourcecode.c.objc; path = NYPizzaIngredientFactory.m; sourceTree = "<group>"; };
		AD2B38672841C50B00046E6D /* ThinCrustDough.h */ = {isa = PBXFileReference; lastKnownFileType = sourcecode.c.h; path = ThinCrustDough.h; sourceTree = "<group>"; };
		AD2B38682841C50B00046E6D /* ThinCrustDough.m */ = {isa = PBXFileReference; lastKnownFileType = sourcecode.c.objc; path = ThinCrustDough.m; sourceTree = "<group>"; };
		AD2B386B2841C5AE00046E6D /* Sauce.h */ = {isa = PBXFileReference; lastKnownFileType = sourcecode.c.h; path = Sauce.h; sourceTree = "<group>"; };
		AD2B386C2841C5B900046E6D /* Cheese.h */ = {isa = PBXFileReference; lastKnownFileType = sourcecode.c.h; path = Cheese.h; sourceTree = "<group>"; };
		AD2B386E2841C5D900046E6D /* Clams.h */ = {isa = PBXFileReference; lastKnownFileType = sourcecode.c.h; path = Clams.h; sourceTree = "<group>"; };
		AD2B386F2841C72B00046E6D /* MarinaraSauce.h */ = {isa = PBXFileReference; lastKnownFileType = sourcecode.c.h; path = MarinaraSauce.h; sourceTree = "<group>"; };
		AD2B38702841C72B00046E6D /* MarinaraSauce.m */ = {isa = PBXFileReference; lastKnownFileType = sourcecode.c.objc; path = MarinaraSauce.m; sourceTree = "<group>"; };
		AD2B38722841C74300046E6D /* ReggianoCheese.h */ = {isa = PBXFileReference; lastKnownFileType = sourcecode.c.h; path = ReggianoCheese.h; sourceTree = "<group>"; };
		AD2B38732841C74300046E6D /* ReggianoCheese.m */ = {isa = PBXFileReference; lastKnownFileType = sourcecode.c.objc; path = ReggianoCheese.m; sourceTree = "<group>"; };
		AD2B38752841C76900046E6D /* FreshClams.h */ = {isa = PBXFileReference; lastKnownFileType = sourcecode.c.h; path = FreshClams.h; sourceTree = "<group>"; };
		AD2B38762841C76900046E6D /* FreshClams.m */ = {isa = PBXFileReference; lastKnownFileType = sourcecode.c.objc; path = FreshClams.m; sourceTree = "<group>"; };
		AD2B387C2841D47100046E6D /* CheesePizza.h */ = {isa = PBXFileReference; lastKnownFileType = sourcecode.c.h; path = CheesePizza.h; sourceTree = "<group>"; };
		AD2B387D2841D47100046E6D /* CheesePizza.m */ = {isa = PBXFileReference; lastKnownFileType = sourcecode.c.objc; path = CheesePizza.m; sourceTree = "<group>"; };
		AD2B387F2841D6AD00046E6D /* ClamPizza.h */ = {isa = PBXFileReference; lastKnownFileType = sourcecode.c.h; path = ClamPizza.h; sourceTree = "<group>"; };
		AD2B38802841D6AD00046E6D /* ClamPizza.m */ = {isa = PBXFileReference; lastKnownFileType = sourcecode.c.objc; path = ClamPizza.m; sourceTree = "<group>"; };
		AD3D71CE283E3ECC003C0E2A /* StrategyPattern */ = {isa = PBXFileReference; explicitFileType = "compiled.mach-o.executable"; includeInIndex = 0; path = StrategyPattern; sourceTree = BUILT_PRODUCTS_DIR; };
		AD3D71D1283E3ECC003C0E2A /* main.m */ = {isa = PBXFileReference; lastKnownFileType = sourcecode.c.objc; path = main.m; sourceTree = "<group>"; };
		AD3D71D8283E40C4003C0E2A /* FlyBehavior.h */ = {isa = PBXFileReference; lastKnownFileType = sourcecode.c.h; path = FlyBehavior.h; sourceTree = "<group>"; };
		AD3D71DC283E414D003C0E2A /* QuackBehavior.h */ = {isa = PBXFileReference; lastKnownFileType = sourcecode.c.h; path = QuackBehavior.h; sourceTree = "<group>"; };
		AD3D71E1283E4206003C0E2A /* Duck.h */ = {isa = PBXFileReference; lastKnownFileType = sourcecode.c.h; path = Duck.h; sourceTree = "<group>"; };
		AD3D71E2283E4206003C0E2A /* Duck.m */ = {isa = PBXFileReference; lastKnownFileType = sourcecode.c.objc; path = Duck.m; sourceTree = "<group>"; };
		AD45EE9C283E486B002E2BCE /* FlyNoWay.h */ = {isa = PBXFileReference; lastKnownFileType = sourcecode.c.h; path = FlyNoWay.h; sourceTree = "<group>"; };
		AD45EE9D283E486B002E2BCE /* FlyNoWay.m */ = {isa = PBXFileReference; lastKnownFileType = sourcecode.c.objc; path = FlyNoWay.m; sourceTree = "<group>"; };
		AD45EE9F283E48D8002E2BCE /* FlyWithWings.h */ = {isa = PBXFileReference; lastKnownFileType = sourcecode.c.h; path = FlyWithWings.h; sourceTree = "<group>"; };
		AD45EEA0283E48D8002E2BCE /* FlyWithWings.m */ = {isa = PBXFileReference; lastKnownFileType = sourcecode.c.objc; path = FlyWithWings.m; sourceTree = "<group>"; };
		AD45EEA2283E4924002E2BCE /* FlyRocketPowered.h */ = {isa = PBXFileReference; lastKnownFileType = sourcecode.c.h; path = FlyRocketPowered.h; sourceTree = "<group>"; };
		AD45EEA3283E4924002E2BCE /* FlyRocketPowered.m */ = {isa = PBXFileReference; lastKnownFileType = sourcecode.c.objc; path = FlyRocketPowered.m; sourceTree = "<group>"; };
		AD45EEA5283E4970002E2BCE /* Quack.h */ = {isa = PBXFileReference; lastKnownFileType = sourcecode.c.h; path = Quack.h; sourceTree = "<group>"; };
		AD45EEA6283E4970002E2BCE /* Quack.m */ = {isa = PBXFileReference; lastKnownFileType = sourcecode.c.objc; path = Quack.m; sourceTree = "<group>"; };
		AD45EEA8283E49C7002E2BCE /* Squeak.h */ = {isa = PBXFileReference; lastKnownFileType = sourcecode.c.h; path = Squeak.h; sourceTree = "<group>"; };
		AD45EEA9283E49C7002E2BCE /* Squeak.m */ = {isa = PBXFileReference; lastKnownFileType = sourcecode.c.objc; path = Squeak.m; sourceTree = "<group>"; };
		AD45EEAB283E4A01002E2BCE /* MuteQuack.h */ = {isa = PBXFileReference; lastKnownFileType = sourcecode.c.h; path = MuteQuack.h; sourceTree = "<group>"; };
		AD45EEAC283E4A01002E2BCE /* MuteQuack.m */ = {isa = PBXFileReference; lastKnownFileType = sourcecode.c.objc; path = MuteQuack.m; sourceTree = "<group>"; };
		AD45EEAE283E4B57002E2BCE /* MallardDuck.h */ = {isa = PBXFileReference; lastKnownFileType = sourcecode.c.h; path = MallardDuck.h; sourceTree = "<group>"; };
		AD45EEAF283E4B57002E2BCE /* MallardDuck.m */ = {isa = PBXFileReference; lastKnownFileType = sourcecode.c.objc; path = MallardDuck.m; sourceTree = "<group>"; };
		AD45EEB1283E4B81002E2BCE /* ModelDuck.h */ = {isa = PBXFileReference; lastKnownFileType = sourcecode.c.h; path = ModelDuck.h; sourceTree = "<group>"; };
		AD45EEB2283E4B81002E2BCE /* ModelDuck.m */ = {isa = PBXFileReference; lastKnownFileType = sourcecode.c.objc; path = ModelDuck.m; sourceTree = "<group>"; };
		AD4A62C728488EB5004BBDAA /* FacadePattern */ = {isa = PBXFileReference; explicitFileType = "compiled.mach-o.executable"; includeInIndex = 0; path = FacadePattern; sourceTree = BUILT_PRODUCTS_DIR; };
		AD4A62C928488EB5004BBDAA /* main.m */ = {isa = PBXFileReference; lastKnownFileType = sourcecode.c.objc; path = main.m; sourceTree = "<group>"; };
		AD4A62CE28488EE8004BBDAA /* HomeTheaterFacade.h */ = {isa = PBXFileReference; lastKnownFileType = sourcecode.c.h; path = HomeTheaterFacade.h; sourceTree = "<group>"; };
		AD4A62CF28488EE8004BBDAA /* HomeTheaterFacade.m */ = {isa = PBXFileReference; lastKnownFileType = sourcecode.c.objc; path = HomeTheaterFacade.m; sourceTree = "<group>"; };
		AD4A62D228488F62004BBDAA /* Amplifier.h */ = {isa = PBXFileReference; lastKnownFileType = sourcecode.c.h; path = Amplifier.h; sourceTree = "<group>"; };
		AD4A62D328488F62004BBDAA /* Amplifier.m */ = {isa = PBXFileReference; lastKnownFileType = sourcecode.c.objc; path = Amplifier.m; sourceTree = "<group>"; };
		AD4A62D528488FAF004BBDAA /* Tuner.h */ = {isa = PBXFileReference; lastKnownFileType = sourcecode.c.h; path = Tuner.h; sourceTree = "<group>"; };
		AD4A62D628488FAF004BBDAA /* Tuner.m */ = {isa = PBXFileReference; lastKnownFileType = sourcecode.c.objc; path = Tuner.m; sourceTree = "<group>"; };
		AD4A62D828488FC0004BBDAA /* DvdPlayer.h */ = {isa = PBXFileReference; lastKnownFileType = sourcecode.c.h; path = DvdPlayer.h; sourceTree = "<group>"; };
		AD4A62D928488FC0004BBDAA /* DvdPlayer.m */ = {isa = PBXFileReference; lastKnownFileType = sourcecode.c.objc; path = DvdPlayer.m; sourceTree = "<group>"; };
		AD4A62DB28488FCA004BBDAA /* CdPlayer.h */ = {isa = PBXFileReference; lastKnownFileType = sourcecode.c.h; path = CdPlayer.h; sourceTree = "<group>"; };
		AD4A62DC28488FCA004BBDAA /* CdPlayer.m */ = {isa = PBXFileReference; lastKnownFileType = sourcecode.c.objc; path = CdPlayer.m; sourceTree = "<group>"; };
		AD4A62DE28488FD8004BBDAA /* Projector.h */ = {isa = PBXFileReference; lastKnownFileType = sourcecode.c.h; path = Projector.h; sourceTree = "<group>"; };
		AD4A62DF28488FD8004BBDAA /* Projector.m */ = {isa = PBXFileReference; lastKnownFileType = sourcecode.c.objc; path = Projector.m; sourceTree = "<group>"; };
		AD4A62E12848900F004BBDAA /* TheaterLights.h */ = {isa = PBXFileReference; lastKnownFileType = sourcecode.c.h; path = TheaterLights.h; sourceTree = "<group>"; };
		AD4A62E22848900F004BBDAA /* TheaterLights.m */ = {isa = PBXFileReference; lastKnownFileType = sourcecode.c.objc; path = TheaterLights.m; sourceTree = "<group>"; };
		AD4A62E42848902D004BBDAA /* Screen.h */ = {isa = PBXFileReference; lastKnownFileType = sourcecode.c.h; path = Screen.h; sourceTree = "<group>"; };
		AD4A62E52848902D004BBDAA /* Screen.m */ = {isa = PBXFileReference; lastKnownFileType = sourcecode.c.objc; path = Screen.m; sourceTree = "<group>"; };
		AD4A62E72848903C004BBDAA /* PopcornPopper.h */ = {isa = PBXFileReference; lastKnownFileType = sourcecode.c.h; path = PopcornPopper.h; sourceTree = "<group>"; };
		AD4A62E82848903C004BBDAA /* PopcornPopper.m */ = {isa = PBXFileReference; lastKnownFileType = sourcecode.c.objc; path = PopcornPopper.m; sourceTree = "<group>"; };
		AD5763A22840A0690015D670 /* DecoratorPattern */ = {isa = PBXFileReference; explicitFileType = "compiled.mach-o.executable"; includeInIndex = 0; path = DecoratorPattern; sourceTree = BUILT_PRODUCTS_DIR; };
		AD5763A42840A0690015D670 /* main.m */ = {isa = PBXFileReference; lastKnownFileType = sourcecode.c.objc; path = main.m; sourceTree = "<group>"; };
		AD5763A92840A59A0015D670 /* Beverage.h */ = {isa = PBXFileReference; lastKnownFileType = sourcecode.c.h; path = Beverage.h; sourceTree = "<group>"; };
		AD5763AA2840A59A0015D670 /* Beverage.m */ = {isa = PBXFileReference; lastKnownFileType = sourcecode.c.objc; path = Beverage.m; sourceTree = "<group>"; };
		ADB48FE6283F47B000EC7289 /* ObserverPattern */ = {isa = PBXFileReference; explicitFileType = "compiled.mach-o.executable"; includeInIndex = 0; path = ObserverPattern; sourceTree = BUILT_PRODUCTS_DIR; };
		ADB48FED283F47FF00EC7289 /* main.m */ = {isa = PBXFileReference; lastKnownFileType = sourcecode.c.objc; path = main.m; sourceTree = "<group>"; };
		ADB48FEF283F486500EC7289 /* Subject.h */ = {isa = PBXFileReference; lastKnownFileType = sourcecode.c.h; path = Subject.h; sourceTree = "<group>"; };
		ADB48FF0283F492200EC7289 /* WeatherData.h */ = {isa = PBXFileReference; lastKnownFileType = sourcecode.c.h; path = WeatherData.h; sourceTree = "<group>"; };
		ADB48FF1283F492200EC7289 /* WeatherData.m */ = {isa = PBXFileReference; lastKnownFileType = sourcecode.c.objc; path = WeatherData.m; sourceTree = "<group>"; };
		ADB48FF3283F4AE300EC7289 /* Observer.h */ = {isa = PBXFileReference; lastKnownFileType = sourcecode.c.h; path = Observer.h; sourceTree = "<group>"; };
		ADB48FF4283F4E4200EC7289 /* DisplayElement.h */ = {isa = PBXFileReference; lastKnownFileType = sourcecode.c.h; path = DisplayElement.h; sourceTree = "<group>"; };
		ADB48FF5283F4EB200EC7289 /* CurrentCondationsDisplay.h */ = {isa = PBXFileReference; lastKnownFileType = sourcecode.c.h; path = CurrentCondationsDisplay.h; sourceTree = "<group>"; };
		ADB48FF6283F4EB200EC7289 /* CurrentCondationsDisplay.m */ = {isa = PBXFileReference; lastKnownFileType = sourcecode.c.objc; path = CurrentCondationsDisplay.m; sourceTree = "<group>"; };
		ADB48FF8283F53D100EC7289 /* ForecastDisplay.h */ = {isa = PBXFileReference; lastKnownFileType = sourcecode.c.h; path = ForecastDisplay.h; sourceTree = "<group>"; };
		ADB48FF9283F53D100EC7289 /* ForecastDisplay.m */ = {isa = PBXFileReference; lastKnownFileType = sourcecode.c.objc; path = ForecastDisplay.m; sourceTree = "<group>"; };
		ADCE15232847421C00C03B50 /* AdapterPattern */ = {isa = PBXFileReference; explicitFileType = "compiled.mach-o.executable"; includeInIndex = 0; path = AdapterPattern; sourceTree = BUILT_PRODUCTS_DIR; };
		ADCE15252847421C00C03B50 /* main.m */ = {isa = PBXFileReference; lastKnownFileType = sourcecode.c.objc; path = main.m; sourceTree = "<group>"; };
		ADCE152A2847447800C03B50 /* Duck.h */ = {isa = PBXFileReference; lastKnownFileType = sourcecode.c.h; path = Duck.h; sourceTree = "<group>"; };
		ADCE152B2847451000C03B50 /* MallardDuck.h */ = {isa = PBXFileReference; lastKnownFileType = sourcecode.c.h; path = MallardDuck.h; sourceTree = "<group>"; };
		ADCE152C2847451100C03B50 /* MallardDuck.m */ = {isa = PBXFileReference; lastKnownFileType = sourcecode.c.objc; path = MallardDuck.m; sourceTree = "<group>"; };
		ADCE152E2847456000C03B50 /* Turkey.h */ = {isa = PBXFileReference; lastKnownFileType = sourcecode.c.h; path = Turkey.h; sourceTree = "<group>"; };
		ADCE152F284745C900C03B50 /* WildTurkey.h */ = {isa = PBXFileReference; lastKnownFileType = sourcecode.c.h; path = WildTurkey.h; sourceTree = "<group>"; };
		ADCE1530284745C900C03B50 /* WildTurkey.m */ = {isa = PBXFileReference; lastKnownFileType = sourcecode.c.objc; path = WildTurkey.m; sourceTree = "<group>"; };
		ADCE15322847462300C03B50 /* TurkeyAdapter.h */ = {isa = PBXFileReference; lastKnownFileType = sourcecode.c.h; path = TurkeyAdapter.h; sourceTree = "<group>"; };
		ADCE15332847462300C03B50 /* TurkeyAdapter.m */ = {isa = PBXFileReference; lastKnownFileType = sourcecode.c.objc; path = TurkeyAdapter.m; sourceTree = "<group>"; };
		ADD75DF628433E65008F1231 /* SingletonPattern */ = {isa = PBXFileReference; explicitFileType = "compiled.mach-o.executable"; includeInIndex = 0; path = SingletonPattern; sourceTree = BUILT_PRODUCTS_DIR; };
		ADD75DF828433E65008F1231 /* main.m */ = {isa = PBXFileReference; lastKnownFileType = sourcecode.c.objc; path = main.m; sourceTree = "<group>"; };
		ADD75E0028434395008F1231 /* ChocolateBoiler.h */ = {isa = PBXFileReference; lastKnownFileType = sourcecode.c.h; path = ChocolateBoiler.h; sourceTree = "<group>"; };
		ADD75E0128434395008F1231 /* ChocolateBoiler.m */ = {isa = PBXFileReference; lastKnownFileType = sourcecode.c.objc; path = ChocolateBoiler.m; sourceTree = "<group>"; };
/* End PBXFileReference section */

/* Begin PBXFrameworksBuildPhase section */
		AD0EEA7F2845F3DD00B385AB /* Frameworks */ = {
			isa = PBXFrameworksBuildPhase;
			buildActionMask = 2147483647;
			files = (
			);
			runOnlyForDeploymentPostprocessing = 0;
		};
		AD16ACB428411F09005A26DC /* Frameworks */ = {
			isa = PBXFrameworksBuildPhase;
			buildActionMask = 2147483647;
			files = (
			);
			runOnlyForDeploymentPostprocessing = 0;
		};
		AD3D71CB283E3ECB003C0E2A /* Frameworks */ = {
			isa = PBXFrameworksBuildPhase;
			buildActionMask = 2147483647;
			files = (
			);
			runOnlyForDeploymentPostprocessing = 0;
		};
		AD4A62C428488EB5004BBDAA /* Frameworks */ = {
			isa = PBXFrameworksBuildPhase;
			buildActionMask = 2147483647;
			files = (
			);
			runOnlyForDeploymentPostprocessing = 0;
		};
		AD57639F2840A0690015D670 /* Frameworks */ = {
			isa = PBXFrameworksBuildPhase;
			buildActionMask = 2147483647;
			files = (
			);
			runOnlyForDeploymentPostprocessing = 0;
		};
		ADB48FE3283F47B000EC7289 /* Frameworks */ = {
			isa = PBXFrameworksBuildPhase;
			buildActionMask = 2147483647;
			files = (
			);
			runOnlyForDeploymentPostprocessing = 0;
		};
		ADCE15202847421C00C03B50 /* Frameworks */ = {
			isa = PBXFrameworksBuildPhase;
			buildActionMask = 2147483647;
			files = (
			);
			runOnlyForDeploymentPostprocessing = 0;
		};
		ADD75DF328433E65008F1231 /* Frameworks */ = {
			isa = PBXFrameworksBuildPhase;
			buildActionMask = 2147483647;
			files = (
			);
			runOnlyForDeploymentPostprocessing = 0;
		};
/* End PBXFrameworksBuildPhase section */

/* Begin PBXGroup section */
		AD0EEA832845F3DD00B385AB /* CommandPattern */ = {
			isa = PBXGroup;
			children = (
				AD0EEA842845F3DD00B385AB /* main.m */,
				AD0EEA902845F5B800B385AB /* RemoteControl.h */,
				AD0EEA912845F5B800B385AB /* RemoteControl.m */,
				AD0EEA892845F42300B385AB /* Command.h */,
				AD0EEA9E28463F9100B385AB /* NoCommand.h */,
				AD0EEA9F28463F9100B385AB /* NoCommand.m */,
				AD0EEA8D2845F4B200B385AB /* Light.h */,
				AD0EEA8E2845F4B200B385AB /* Light.m */,
				AD0EEAA4284649B500B385AB /* Stereo.h */,
				AD0EEAA5284649B500B385AB /* Stereo.m */,
				AD0EEA9728460CA400B385AB /* GarageDoor.h */,
				AD0EEA9828460CA400B385AB /* GarageDoor.m */,
				AD0EEA8A2845F47100B385AB /* LightOnCommand.h */,
				AD0EEA8B2845F47100B385AB /* LightOnCommand.m */,
				AD0EEAA12846489100B385AB /* LightOffCommand.h */,
				AD0EEAA22846489100B385AB /* LightOffCommand.m */,
				AD0EEA9B28460DDF00B385AB /* GarageDoorOpenCommand.h */,
				AD0EEA9C28460DDF00B385AB /* GarageDoorOpenCommand.m */,
				AD0EEAAA2846519B00B385AB /* GarageDoorCloseCommand.h */,
				AD0EEAAB2846519B00B385AB /* GarageDoorCloseCommand.m */,
				AD0EEAA728464A5300B385AB /* StereoOnWithCDCommand.h */,
				AD0EEAA828464A5300B385AB /* StereoOnWithCDCommand.m */,
				AD0EEAAD2846525A00B385AB /* StereoOffWithCDCommand.h */,
				AD0EEAAE2846525A00B385AB /* StereoOffWithCDCommand.m */,
			);
			path = CommandPattern;
			sourceTree = "<group>";
		};
		AD16ACB828411F09005A26DC /* FactoryPattern */ = {
			isa = PBXGroup;
			children = (
				AD16ACB928411F09005A26DC /* main.m */,
				AD16ACBE28411F24005A26DC /* PizzaStore.h */,
				AD16ACBF28411F24005A26DC /* PizzaStore.m */,
				AD16ACC128411FBF005A26DC /* Pizza.h */,
				AD16ACC228411FBF005A26DC /* Pizza.m */,
				AD2B387C2841D47100046E6D /* CheesePizza.h */,
				AD2B387D2841D47100046E6D /* CheesePizza.m */,
				AD2B387F2841D6AD00046E6D /* ClamPizza.h */,
				AD2B38802841D6AD00046E6D /* ClamPizza.m */,
				AD16ACC72841B29C005A26DC /* NYPizzaStore.h */,
				AD16ACC82841B29C005A26DC /* NYPizzaStore.m */,
				AD16ACC42841226B005A26DC /* NYStyleCheesePizza.h */,
				AD16ACC52841226B005A26DC /* NYStyleCheesePizza.m */,
				AD16ACCA2841B574005A26DC /* ChiPizzaStore.h */,
				AD16ACCB2841B574005A26DC /* ChiPizzaStore.m */,
				AD16ACCD2841B5FC005A26DC /* ChiStyleCheesePizza.h */,
				AD16ACCE2841B5FC005A26DC /* ChiStyleCheesePizza.m */,
				AD16ACD02841C275005A26DC /* PizzaIngredientFactory.h */,
				AD2B38642841C4BE00046E6D /* NYPizzaIngredientFactory.h */,
				AD2B38652841C4BE00046E6D /* NYPizzaIngredientFactory.m */,
				AD2B386A2841C59700046E6D /* Ingredients */,
				AD2B38672841C50B00046E6D /* ThinCrustDough.h */,
				AD2B38682841C50B00046E6D /* ThinCrustDough.m */,
				AD2B386F2841C72B00046E6D /* MarinaraSauce.h */,
				AD2B38702841C72B00046E6D /* MarinaraSauce.m */,
				AD2B38722841C74300046E6D /* ReggianoCheese.h */,
				AD2B38732841C74300046E6D /* ReggianoCheese.m */,
				AD2B38752841C76900046E6D /* FreshClams.h */,
				AD2B38762841C76900046E6D /* FreshClams.m */,
			);
			path = FactoryPattern;
			sourceTree = "<group>";
		};
		AD2B386A2841C59700046E6D /* Ingredients */ = {
			isa = PBXGroup;
			children = (
				AD16ACD12841C309005A26DC /* Dough.h */,
				AD2B386B2841C5AE00046E6D /* Sauce.h */,
				AD2B386C2841C5B900046E6D /* Cheese.h */,
				AD2B386E2841C5D900046E6D /* Clams.h */,
			);
			path = Ingredients;
			sourceTree = "<group>";
		};
		AD3D71C5283E3ECB003C0E2A = {
			isa = PBXGroup;
			children = (
				AD3D71D0283E3ECC003C0E2A /* StrategyPattern */,
				ADB48FE7283F47B000EC7289 /* ObserverPattern */,
				AD5763A32840A0690015D670 /* DecoratorPattern */,
				AD16ACB828411F09005A26DC /* FactoryPattern */,
				ADD75DF728433E65008F1231 /* SingletonPattern */,
				AD0EEA832845F3DD00B385AB /* CommandPattern */,
				ADCE15242847421C00C03B50 /* AdapterPattern */,
				AD4A62C828488EB5004BBDAA /* FacadePattern */,
				AD3D71CF283E3ECC003C0E2A /* Products */,
			);
			sourceTree = "<group>";
		};
		AD3D71CF283E3ECC003C0E2A /* Products */ = {
			isa = PBXGroup;
			children = (
				AD3D71CE283E3ECC003C0E2A /* StrategyPattern */,
				ADB48FE6283F47B000EC7289 /* ObserverPattern */,
				AD5763A22840A0690015D670 /* DecoratorPattern */,
				AD16ACB728411F09005A26DC /* FactoryPattern */,
				ADD75DF628433E65008F1231 /* SingletonPattern */,
				AD0EEA822845F3DD00B385AB /* CommandPattern */,
				ADCE15232847421C00C03B50 /* AdapterPattern */,
				AD4A62C728488EB5004BBDAA /* FacadePattern */,
			);
			name = Products;
			sourceTree = "<group>";
		};
		AD3D71D0283E3ECC003C0E2A /* StrategyPattern */ = {
			isa = PBXGroup;
			children = (
				AD3D71D1283E3ECC003C0E2A /* main.m */,
				AD3D71E4283E4210003C0E2A /* Duck */,
				AD3D71DB283E40E1003C0E2A /* Fly */,
				AD3D71DD283E4152003C0E2A /* Quack */,
			);
			path = StrategyPattern;
			sourceTree = "<group>";
		};
		AD3D71DB283E40E1003C0E2A /* Fly */ = {
			isa = PBXGroup;
			children = (
				AD3D71D8283E40C4003C0E2A /* FlyBehavior.h */,
				AD45EE9C283E486B002E2BCE /* FlyNoWay.h */,
				AD45EE9D283E486B002E2BCE /* FlyNoWay.m */,
				AD45EE9F283E48D8002E2BCE /* FlyWithWings.h */,
				AD45EEA0283E48D8002E2BCE /* FlyWithWings.m */,
				AD45EEA2283E4924002E2BCE /* FlyRocketPowered.h */,
				AD45EEA3283E4924002E2BCE /* FlyRocketPowered.m */,
			);
			path = Fly;
			sourceTree = "<group>";
		};
		AD3D71DD283E4152003C0E2A /* Quack */ = {
			isa = PBXGroup;
			children = (
				AD3D71DC283E414D003C0E2A /* QuackBehavior.h */,
				AD45EEA5283E4970002E2BCE /* Quack.h */,
				AD45EEA6283E4970002E2BCE /* Quack.m */,
				AD45EEA8283E49C7002E2BCE /* Squeak.h */,
				AD45EEA9283E49C7002E2BCE /* Squeak.m */,
				AD45EEAB283E4A01002E2BCE /* MuteQuack.h */,
				AD45EEAC283E4A01002E2BCE /* MuteQuack.m */,
			);
			path = Quack;
			sourceTree = "<group>";
		};
		AD3D71E4283E4210003C0E2A /* Duck */ = {
			isa = PBXGroup;
			children = (
				AD3D71E1283E4206003C0E2A /* Duck.h */,
				AD3D71E2283E4206003C0E2A /* Duck.m */,
				AD45EEAE283E4B57002E2BCE /* MallardDuck.h */,
				AD45EEAF283E4B57002E2BCE /* MallardDuck.m */,
				AD45EEB1283E4B81002E2BCE /* ModelDuck.h */,
				AD45EEB2283E4B81002E2BCE /* ModelDuck.m */,
			);
			path = Duck;
			sourceTree = "<group>";
		};
		AD4A62C828488EB5004BBDAA /* FacadePattern */ = {
			isa = PBXGroup;
			children = (
				AD4A62C928488EB5004BBDAA /* main.m */,
				AD4A62CE28488EE8004BBDAA /* HomeTheaterFacade.h */,
				AD4A62CF28488EE8004BBDAA /* HomeTheaterFacade.m */,
				AD4A62D128488F34004BBDAA /* Components */,
			);
			path = FacadePattern;
			sourceTree = "<group>";
		};
		AD4A62D128488F34004BBDAA /* Components */ = {
			isa = PBXGroup;
			children = (
				AD4A62D228488F62004BBDAA /* Amplifier.h */,
				AD4A62D328488F62004BBDAA /* Amplifier.m */,
				AD4A62D528488FAF004BBDAA /* Tuner.h */,
				AD4A62D628488FAF004BBDAA /* Tuner.m */,
				AD4A62D828488FC0004BBDAA /* DvdPlayer.h */,
				AD4A62D928488FC0004BBDAA /* DvdPlayer.m */,
				AD4A62DB28488FCA004BBDAA /* CdPlayer.h */,
				AD4A62DC28488FCA004BBDAA /* CdPlayer.m */,
				AD4A62DE28488FD8004BBDAA /* Projector.h */,
				AD4A62DF28488FD8004BBDAA /* Projector.m */,
				AD4A62E12848900F004BBDAA /* TheaterLights.h */,
				AD4A62E22848900F004BBDAA /* TheaterLights.m */,
				AD4A62E42848902D004BBDAA /* Screen.h */,
				AD4A62E52848902D004BBDAA /* Screen.m */,
				AD4A62E72848903C004BBDAA /* PopcornPopper.h */,
				AD4A62E82848903C004BBDAA /* PopcornPopper.m */,
			);
			path = Components;
			sourceTree = "<group>";
		};
		AD5763A32840A0690015D670 /* DecoratorPattern */ = {
			isa = PBXGroup;
			children = (
				AD5763A42840A0690015D670 /* main.m */,
				AD5763A92840A59A0015D670 /* Beverage.h */,
				AD5763AA2840A59A0015D670 /* Beverage.m */,
				AD16ACA72840B25A005A26DC /* Condiment.h */,
				AD16ACA82840B25A005A26DC /* Condiment.m */,
				AD16ACA42840B079005A26DC /* HouseBlend.h */,
				AD16ACA52840B079005A26DC /* HouseBlend.m */,
				AD16ACAA2840B36C005A26DC /* Espresso.h */,
				AD16ACAB2840B36C005A26DC /* Espresso.m */,
				AD16ACAD2840B499005A26DC /* Mocha.h */,
				AD16ACAE2840B499005A26DC /* Mocha.m */,
				AD16ACB02840B533005A26DC /* Soy.h */,
				AD16ACB12840B533005A26DC /* Soy.m */,
			);
			path = DecoratorPattern;
			sourceTree = "<group>";
		};
		ADB48FE7283F47B000EC7289 /* ObserverPattern */ = {
			isa = PBXGroup;
			children = (
				ADB48FED283F47FF00EC7289 /* main.m */,
				ADB48FEF283F486500EC7289 /* Subject.h */,
				ADB48FF3283F4AE300EC7289 /* Observer.h */,
				ADB48FF4283F4E4200EC7289 /* DisplayElement.h */,
				ADB48FF0283F492200EC7289 /* WeatherData.h */,
				ADB48FF1283F492200EC7289 /* WeatherData.m */,
				ADB48FF5283F4EB200EC7289 /* CurrentCondationsDisplay.h */,
				ADB48FF6283F4EB200EC7289 /* CurrentCondationsDisplay.m */,
				ADB48FF8283F53D100EC7289 /* ForecastDisplay.h */,
				ADB48FF9283F53D100EC7289 /* ForecastDisplay.m */,
			);
			path = ObserverPattern;
			sourceTree = "<group>";
		};
		ADCE15242847421C00C03B50 /* AdapterPattern */ = {
			isa = PBXGroup;
			children = (
				ADCE15252847421C00C03B50 /* main.m */,
				ADCE152A2847447800C03B50 /* Duck.h */,
				ADCE152E2847456000C03B50 /* Turkey.h */,
				ADCE152B2847451000C03B50 /* MallardDuck.h */,
				ADCE152C2847451100C03B50 /* MallardDuck.m */,
				ADCE152F284745C900C03B50 /* WildTurkey.h */,
				ADCE1530284745C900C03B50 /* WildTurkey.m */,
				ADCE15322847462300C03B50 /* TurkeyAdapter.h */,
				ADCE15332847462300C03B50 /* TurkeyAdapter.m */,
			);
			path = AdapterPattern;
			sourceTree = "<group>";
		};
		ADD75DF728433E65008F1231 /* SingletonPattern */ = {
			isa = PBXGroup;
			children = (
				ADD75DF828433E65008F1231 /* main.m */,
				ADD75E0028434395008F1231 /* ChocolateBoiler.h */,
				ADD75E0128434395008F1231 /* ChocolateBoiler.m */,
			);
			path = SingletonPattern;
			sourceTree = "<group>";
		};
/* End PBXGroup section */

/* Begin PBXNativeTarget section */
		AD0EEA812845F3DD00B385AB /* CommandPattern */ = {
			isa = PBXNativeTarget;
			buildConfigurationList = AD0EEA882845F3DD00B385AB /* Build configuration list for PBXNativeTarget "CommandPattern" */;
			buildPhases = (
				AD0EEA7E2845F3DD00B385AB /* Sources */,
				AD0EEA7F2845F3DD00B385AB /* Frameworks */,
				AD0EEA802845F3DD00B385AB /* CopyFiles */,
			);
			buildRules = (
			);
			dependencies = (
			);
			name = CommandPattern;
			productName = CommandPattern;
			productReference = AD0EEA822845F3DD00B385AB /* CommandPattern */;
			productType = "com.apple.product-type.tool";
		};
		AD16ACB628411F09005A26DC /* FactoryPattern */ = {
			isa = PBXNativeTarget;
			buildConfigurationList = AD16ACBB28411F09005A26DC /* Build configuration list for PBXNativeTarget "FactoryPattern" */;
			buildPhases = (
				AD16ACB328411F09005A26DC /* Sources */,
				AD16ACB428411F09005A26DC /* Frameworks */,
				AD16ACB528411F09005A26DC /* CopyFiles */,
			);
			buildRules = (
			);
			dependencies = (
			);
			name = FactoryPattern;
			productName = FactoryPattern;
			productReference = AD16ACB728411F09005A26DC /* FactoryPattern */;
			productType = "com.apple.product-type.tool";
		};
		AD3D71CD283E3ECB003C0E2A /* StrategyPattern */ = {
			isa = PBXNativeTarget;
			buildConfigurationList = AD3D71D5283E3ECC003C0E2A /* Build configuration list for PBXNativeTarget "StrategyPattern" */;
			buildPhases = (
				AD3D71CA283E3ECB003C0E2A /* Sources */,
				AD3D71CB283E3ECB003C0E2A /* Frameworks */,
				AD3D71CC283E3ECB003C0E2A /* CopyFiles */,
			);
			buildRules = (
			);
			dependencies = (
			);
			name = StrategyPattern;
			productName = HeadFirstDesignPatternsOC;
			productReference = AD3D71CE283E3ECC003C0E2A /* StrategyPattern */;
			productType = "com.apple.product-type.tool";
		};
		AD4A62C628488EB5004BBDAA /* FacadePattern */ = {
			isa = PBXNativeTarget;
			buildConfigurationList = AD4A62CD28488EB5004BBDAA /* Build configuration list for PBXNativeTarget "FacadePattern" */;
			buildPhases = (
				AD4A62C328488EB5004BBDAA /* Sources */,
				AD4A62C428488EB5004BBDAA /* Frameworks */,
				AD4A62C528488EB5004BBDAA /* CopyFiles */,
			);
			buildRules = (
			);
			dependencies = (
			);
			name = FacadePattern;
			productName = FacadePattern;
			productReference = AD4A62C728488EB5004BBDAA /* FacadePattern */;
			productType = "com.apple.product-type.tool";
		};
		AD5763A12840A0690015D670 /* DecoratorPattern */ = {
			isa = PBXNativeTarget;
			buildConfigurationList = AD5763A82840A0690015D670 /* Build configuration list for PBXNativeTarget "DecoratorPattern" */;
			buildPhases = (
				AD57639E2840A0690015D670 /* Sources */,
				AD57639F2840A0690015D670 /* Frameworks */,
				AD5763A02840A0690015D670 /* CopyFiles */,
			);
			buildRules = (
			);
			dependencies = (
			);
			name = DecoratorPattern;
			productName = DecoratorPattern;
			productReference = AD5763A22840A0690015D670 /* DecoratorPattern */;
			productType = "com.apple.product-type.tool";
		};
		ADB48FE5283F47B000EC7289 /* ObserverPattern */ = {
			isa = PBXNativeTarget;
			buildConfigurationList = ADB48FEA283F47B000EC7289 /* Build configuration list for PBXNativeTarget "ObserverPattern" */;
			buildPhases = (
				ADB48FE2283F47B000EC7289 /* Sources */,
				ADB48FE3283F47B000EC7289 /* Frameworks */,
				ADB48FE4283F47B000EC7289 /* CopyFiles */,
			);
			buildRules = (
			);
			dependencies = (
			);
			name = ObserverPattern;
			productName = ObserverPattern;
			productReference = ADB48FE6283F47B000EC7289 /* ObserverPattern */;
			productType = "com.apple.product-type.tool";
		};
		ADCE15222847421C00C03B50 /* AdapterPattern */ = {
			isa = PBXNativeTarget;
			buildConfigurationList = ADCE15292847421D00C03B50 /* Build configuration list for PBXNativeTarget "AdapterPattern" */;
			buildPhases = (
				ADCE151F2847421C00C03B50 /* Sources */,
				ADCE15202847421C00C03B50 /* Frameworks */,
				ADCE15212847421C00C03B50 /* CopyFiles */,
			);
			buildRules = (
			);
			dependencies = (
			);
			name = AdapterPattern;
			productName = AdapterPattern;
			productReference = ADCE15232847421C00C03B50 /* AdapterPattern */;
			productType = "com.apple.product-type.tool";
		};
		ADD75DF528433E65008F1231 /* SingletonPattern */ = {
			isa = PBXNativeTarget;
			buildConfigurationList = ADD75DFC28433E65008F1231 /* Build configuration list for PBXNativeTarget "SingletonPattern" */;
			buildPhases = (
				ADD75DF228433E65008F1231 /* Sources */,
				ADD75DF328433E65008F1231 /* Frameworks */,
				ADD75DF428433E65008F1231 /* CopyFiles */,
			);
			buildRules = (
			);
			dependencies = (
			);
			name = SingletonPattern;
			productName = SingletonPattern;
			productReference = ADD75DF628433E65008F1231 /* SingletonPattern */;
			productType = "com.apple.product-type.tool";
		};
/* End PBXNativeTarget section */

/* Begin PBXProject section */
		AD3D71C6283E3ECB003C0E2A /* Project object */ = {
			isa = PBXProject;
			attributes = {
				BuildIndependentTargetsInParallel = 1;
				LastUpgradeCheck = 1330;
				TargetAttributes = {
					AD0EEA812845F3DD00B385AB = {
						CreatedOnToolsVersion = 13.3.1;
					};
					AD16ACB628411F09005A26DC = {
						CreatedOnToolsVersion = 13.3.1;
					};
					AD3D71CD283E3ECB003C0E2A = {
						CreatedOnToolsVersion = 13.3.1;
					};
					AD4A62C628488EB5004BBDAA = {
						CreatedOnToolsVersion = 13.3.1;
					};
					AD5763A12840A0690015D670 = {
						CreatedOnToolsVersion = 13.3.1;
					};
					ADB48FE5283F47B000EC7289 = {
						CreatedOnToolsVersion = 13.3.1;
					};
					ADCE15222847421C00C03B50 = {
						CreatedOnToolsVersion = 13.3.1;
					};
					ADD75DF528433E65008F1231 = {
						CreatedOnToolsVersion = 13.3.1;
					};
				};
			};
			buildConfigurationList = AD3D71C9283E3ECB003C0E2A /* Build configuration list for PBXProject "HeadFirstDesignPatternsOC" */;
			compatibilityVersion = "Xcode 13.0";
			developmentRegion = en;
			hasScannedForEncodings = 0;
			knownRegions = (
				en,
				Base,
			);
			mainGroup = AD3D71C5283E3ECB003C0E2A;
			productRefGroup = AD3D71CF283E3ECC003C0E2A /* Products */;
			projectDirPath = "";
			projectRoot = "";
			targets = (
				AD3D71CD283E3ECB003C0E2A /* StrategyPattern */,
				ADB48FE5283F47B000EC7289 /* ObserverPattern */,
				AD5763A12840A0690015D670 /* DecoratorPattern */,
				AD16ACB628411F09005A26DC /* FactoryPattern */,
				ADD75DF528433E65008F1231 /* SingletonPattern */,
				AD0EEA812845F3DD00B385AB /* CommandPattern */,
				ADCE15222847421C00C03B50 /* AdapterPattern */,
				AD4A62C628488EB5004BBDAA /* FacadePattern */,
			);
		};
/* End PBXProject section */

/* Begin PBXSourcesBuildPhase section */
		AD0EEA7E2845F3DD00B385AB /* Sources */ = {
			isa = PBXSourcesBuildPhase;
			buildActionMask = 2147483647;
			files = (
				AD0EEA8F2845F4B200B385AB /* Light.m in Sources */,
				AD0EEAA6284649B500B385AB /* Stereo.m in Sources */,
				AD0EEA852845F3DD00B385AB /* main.m in Sources */,
				AD0EEAA028463F9100B385AB /* NoCommand.m in Sources */,
				AD0EEA9D28460DDF00B385AB /* GarageDoorOpenCommand.m in Sources */,
				AD0EEAA928464A5300B385AB /* StereoOnWithCDCommand.m in Sources */,
				AD0EEAAF2846525A00B385AB /* StereoOffWithCDCommand.m in Sources */,
				AD0EEA8C2845F47100B385AB /* LightOnCommand.m in Sources */,
				AD0EEA9928460CA400B385AB /* GarageDoor.m in Sources */,
				AD0EEAA32846489100B385AB /* LightOffCommand.m in Sources */,
				AD0EEAAC2846519B00B385AB /* GarageDoorCloseCommand.m in Sources */,
				AD0EEA922845F5B800B385AB /* RemoteControl.m in Sources */,
			);
			runOnlyForDeploymentPostprocessing = 0;
		};
		AD16ACB328411F09005A26DC /* Sources */ = {
			isa = PBXSourcesBuildPhase;
			buildActionMask = 2147483647;
			files = (
				AD16ACC92841B29C005A26DC /* NYPizzaStore.m in Sources */,
				AD16ACC328411FBF005A26DC /* Pizza.m in Sources */,
				AD16ACCF2841B5FC005A26DC /* ChiStyleCheesePizza.m in Sources */,
				AD2B38742841C74300046E6D /* ReggianoCheese.m in Sources */,
				AD2B38662841C4BE00046E6D /* NYPizzaIngredientFactory.m in Sources */,
				AD2B38812841D6AD00046E6D /* ClamPizza.m in Sources */,
				AD2B38692841C50B00046E6D /* ThinCrustDough.m in Sources */,
				AD2B387E2841D47100046E6D /* CheesePizza.m in Sources */,
				AD16ACC028411F24005A26DC /* PizzaStore.m in Sources */,
				AD16ACC62841226B005A26DC /* NYStyleCheesePizza.m in Sources */,
				AD16ACBA28411F09005A26DC /* main.m in Sources */,
				AD2B38712841C72B00046E6D /* MarinaraSauce.m in Sources */,
				AD16ACCC2841B574005A26DC /* ChiPizzaStore.m in Sources */,
				AD2B38772841C76900046E6D /* FreshClams.m in Sources */,
			);
			runOnlyForDeploymentPostprocessing = 0;
		};
		AD3D71CA283E3ECB003C0E2A /* Sources */ = {
			isa = PBXSourcesBuildPhase;
			buildActionMask = 2147483647;
			files = (
				AD45EEB3283E4B81002E2BCE /* ModelDuck.m in Sources */,
				AD45EEAA283E49C7002E2BCE /* Squeak.m in Sources */,
				AD45EEA4283E4924002E2BCE /* FlyRocketPowered.m in Sources */,
				AD45EEB0283E4B57002E2BCE /* MallardDuck.m in Sources */,
				AD45EEA1283E48D8002E2BCE /* FlyWithWings.m in Sources */,
				AD45EE9E283E486B002E2BCE /* FlyNoWay.m in Sources */,
				AD45EEA7283E4970002E2BCE /* Quack.m in Sources */,
				AD3D71E3283E4206003C0E2A /* Duck.m in Sources */,
				AD45EEAD283E4A01002E2BCE /* MuteQuack.m in Sources */,
				AD3D71D2283E3ECC003C0E2A /* main.m in Sources */,
			);
			runOnlyForDeploymentPostprocessing = 0;
		};
		AD4A62C328488EB5004BBDAA /* Sources */ = {
			isa = PBXSourcesBuildPhase;
			buildActionMask = 2147483647;
			files = (
				AD4A62DA28488FC0004BBDAA /* DvdPlayer.m in Sources */,
				AD4A62E028488FD8004BBDAA /* Projector.m in Sources */,
				AD4A62E62848902D004BBDAA /* Screen.m in Sources */,
				AD4A62E32848900F004BBDAA /* TheaterLights.m in Sources */,
				AD4A62DD28488FCA004BBDAA /* CdPlayer.m in Sources */,
				AD4A62E92848903C004BBDAA /* PopcornPopper.m in Sources */,
				AD4A62D728488FAF004BBDAA /* Tuner.m in Sources */,
				AD4A62D028488EE8004BBDAA /* HomeTheaterFacade.m in Sources */,
				AD4A62D428488F62004BBDAA /* Amplifier.m in Sources */,
				AD4A62CA28488EB5004BBDAA /* main.m in Sources */,
			);
			runOnlyForDeploymentPostprocessing = 0;
		};
		AD57639E2840A0690015D670 /* Sources */ = {
			isa = PBXSourcesBuildPhase;
			buildActionMask = 2147483647;
			files = (
				AD16ACAF2840B499005A26DC /* Mocha.m in Sources */,
				AD5763AB2840A59A0015D670 /* Beverage.m in Sources */,
				AD5763A52840A0690015D670 /* main.m in Sources */,
				AD16ACB22840B533005A26DC /* Soy.m in Sources */,
				AD16ACAC2840B36C005A26DC /* Espresso.m in Sources */,
				AD16ACA62840B079005A26DC /* HouseBlend.m in Sources */,
				AD16ACA92840B25A005A26DC /* Condiment.m in Sources */,
			);
			runOnlyForDeploymentPostprocessing = 0;
		};
		ADB48FE2283F47B000EC7289 /* Sources */ = {
			isa = PBXSourcesBuildPhase;
			buildActionMask = 2147483647;
			files = (
				ADB48FF2283F492200EC7289 /* WeatherData.m in Sources */,
				ADB48FFA283F53D100EC7289 /* ForecastDisplay.m in Sources */,
				ADB48FF7283F4EB200EC7289 /* CurrentCondationsDisplay.m in Sources */,
				ADB48FEE283F47FF00EC7289 /* main.m in Sources */,
			);
			runOnlyForDeploymentPostprocessing = 0;
		};
		ADCE151F2847421C00C03B50 /* Sources */ = {
			isa = PBXSourcesBuildPhase;
			buildActionMask = 2147483647;
			files = (
				ADCE152D2847451100C03B50 /* MallardDuck.m in Sources */,
				ADCE15262847421C00C03B50 /* main.m in Sources */,
				ADCE1531284745C900C03B50 /* WildTurkey.m in Sources */,
				ADCE15342847462300C03B50 /* TurkeyAdapter.m in Sources */,
			);
			runOnlyForDeploymentPostprocessing = 0;
		};
		ADD75DF228433E65008F1231 /* Sources */ = {
			isa = PBXSourcesBuildPhase;
			buildActionMask = 2147483647;
			files = (
				ADD75DF928433E65008F1231 /* main.m in Sources */,
				ADD75E0228434395008F1231 /* ChocolateBoiler.m in Sources */,
			);
			runOnlyForDeploymentPostprocessing = 0;
		};
/* End PBXSourcesBuildPhase section */

/* Begin XCBuildConfiguration section */
		AD0EEA862845F3DD00B385AB /* Debug */ = {
			isa = XCBuildConfiguration;
			buildSettings = {
				CODE_SIGN_STYLE = Automatic;
				DEVELOPMENT_TEAM = YM9U6GJ233;
				ENABLE_HARDENED_RUNTIME = YES;
				PRODUCT_NAME = "$(TARGET_NAME)";
			};
			name = Debug;
		};
		AD0EEA872845F3DD00B385AB /* Release */ = {
			isa = XCBuildConfiguration;
			buildSettings = {
				CODE_SIGN_STYLE = Automatic;
				DEVELOPMENT_TEAM = YM9U6GJ233;
				ENABLE_HARDENED_RUNTIME = YES;
				PRODUCT_NAME = "$(TARGET_NAME)";
			};
			name = Release;
		};
		AD16ACBC28411F09005A26DC /* Debug */ = {
			isa = XCBuildConfiguration;
			buildSettings = {
				CODE_SIGN_STYLE = Automatic;
				DEVELOPMENT_TEAM = YM9U6GJ233;
				ENABLE_HARDENED_RUNTIME = YES;
				PRODUCT_NAME = "$(TARGET_NAME)";
			};
			name = Debug;
		};
		AD16ACBD28411F09005A26DC /* Release */ = {
			isa = XCBuildConfiguration;
			buildSettings = {
				CODE_SIGN_STYLE = Automatic;
				DEVELOPMENT_TEAM = YM9U6GJ233;
				ENABLE_HARDENED_RUNTIME = YES;
				PRODUCT_NAME = "$(TARGET_NAME)";
			};
			name = Release;
		};
		AD3D71D3283E3ECC003C0E2A /* Debug */ = {
			isa = XCBuildConfiguration;
			buildSettings = {
				ALWAYS_SEARCH_USER_PATHS = NO;
				CLANG_ANALYZER_NONNULL = YES;
				CLANG_ANALYZER_NUMBER_OBJECT_CONVERSION = YES_AGGRESSIVE;
				CLANG_CXX_LANGUAGE_STANDARD = "gnu++17";
				CLANG_ENABLE_MODULES = YES;
				CLANG_ENABLE_OBJC_ARC = YES;
				CLANG_ENABLE_OBJC_WEAK = YES;
				CLANG_WARN_BLOCK_CAPTURE_AUTORELEASING = YES;
				CLANG_WARN_BOOL_CONVERSION = YES;
				CLANG_WARN_COMMA = YES;
				CLANG_WARN_CONSTANT_CONVERSION = YES;
				CLANG_WARN_DEPRECATED_OBJC_IMPLEMENTATIONS = YES;
				CLANG_WARN_DIRECT_OBJC_ISA_USAGE = YES_ERROR;
				CLANG_WARN_DOCUMENTATION_COMMENTS = YES;
				CLANG_WARN_EMPTY_BODY = YES;
				CLANG_WARN_ENUM_CONVERSION = YES;
				CLANG_WARN_INFINITE_RECURSION = YES;
				CLANG_WARN_INT_CONVERSION = YES;
				CLANG_WARN_NON_LITERAL_NULL_CONVERSION = YES;
				CLANG_WARN_OBJC_IMPLICIT_RETAIN_SELF = YES;
				CLANG_WARN_OBJC_LITERAL_CONVERSION = YES;
				CLANG_WARN_OBJC_ROOT_CLASS = YES_ERROR;
				CLANG_WARN_QUOTED_INCLUDE_IN_FRAMEWORK_HEADER = YES;
				CLANG_WARN_RANGE_LOOP_ANALYSIS = YES;
				CLANG_WARN_STRICT_PROTOTYPES = YES;
				CLANG_WARN_SUSPICIOUS_MOVE = YES;
				CLANG_WARN_UNGUARDED_AVAILABILITY = YES_AGGRESSIVE;
				CLANG_WARN_UNREACHABLE_CODE = YES;
				CLANG_WARN__DUPLICATE_METHOD_MATCH = YES;
				COPY_PHASE_STRIP = NO;
				DEBUG_INFORMATION_FORMAT = dwarf;
				ENABLE_STRICT_OBJC_MSGSEND = YES;
				ENABLE_TESTABILITY = YES;
				GCC_C_LANGUAGE_STANDARD = gnu11;
				GCC_DYNAMIC_NO_PIC = NO;
				GCC_NO_COMMON_BLOCKS = YES;
				GCC_OPTIMIZATION_LEVEL = 0;
				GCC_PREPROCESSOR_DEFINITIONS = (
					"DEBUG=1",
					"$(inherited)",
				);
				GCC_WARN_64_TO_32_BIT_CONVERSION = YES;
				GCC_WARN_ABOUT_RETURN_TYPE = YES_ERROR;
				GCC_WARN_UNDECLARED_SELECTOR = YES;
				GCC_WARN_UNINITIALIZED_AUTOS = YES_AGGRESSIVE;
				GCC_WARN_UNUSED_FUNCTION = YES;
				GCC_WARN_UNUSED_VARIABLE = YES;
				MACOSX_DEPLOYMENT_TARGET = 12.3;
				MTL_ENABLE_DEBUG_INFO = INCLUDE_SOURCE;
				MTL_FAST_MATH = YES;
				ONLY_ACTIVE_ARCH = YES;
				SDKROOT = macosx;
			};
			name = Debug;
		};
		AD3D71D4283E3ECC003C0E2A /* Release */ = {
			isa = XCBuildConfiguration;
			buildSettings = {
				ALWAYS_SEARCH_USER_PATHS = NO;
				CLANG_ANALYZER_NONNULL = YES;
				CLANG_ANALYZER_NUMBER_OBJECT_CONVERSION = YES_AGGRESSIVE;
				CLANG_CXX_LANGUAGE_STANDARD = "gnu++17";
				CLANG_ENABLE_MODULES = YES;
				CLANG_ENABLE_OBJC_ARC = YES;
				CLANG_ENABLE_OBJC_WEAK = YES;
				CLANG_WARN_BLOCK_CAPTURE_AUTORELEASING = YES;
				CLANG_WARN_BOOL_CONVERSION = YES;
				CLANG_WARN_COMMA = YES;
				CLANG_WARN_CONSTANT_CONVERSION = YES;
				CLANG_WARN_DEPRECATED_OBJC_IMPLEMENTATIONS = YES;
				CLANG_WARN_DIRECT_OBJC_ISA_USAGE = YES_ERROR;
				CLANG_WARN_DOCUMENTATION_COMMENTS = YES;
				CLANG_WARN_EMPTY_BODY = YES;
				CLANG_WARN_ENUM_CONVERSION = YES;
				CLANG_WARN_INFINITE_RECURSION = YES;
				CLANG_WARN_INT_CONVERSION = YES;
				CLANG_WARN_NON_LITERAL_NULL_CONVERSION = YES;
				CLANG_WARN_OBJC_IMPLICIT_RETAIN_SELF = YES;
				CLANG_WARN_OBJC_LITERAL_CONVERSION = YES;
				CLANG_WARN_OBJC_ROOT_CLASS = YES_ERROR;
				CLANG_WARN_QUOTED_INCLUDE_IN_FRAMEWORK_HEADER = YES;
				CLANG_WARN_RANGE_LOOP_ANALYSIS = YES;
				CLANG_WARN_STRICT_PROTOTYPES = YES;
				CLANG_WARN_SUSPICIOUS_MOVE = YES;
				CLANG_WARN_UNGUARDED_AVAILABILITY = YES_AGGRESSIVE;
				CLANG_WARN_UNREACHABLE_CODE = YES;
				CLANG_WARN__DUPLICATE_METHOD_MATCH = YES;
				COPY_PHASE_STRIP = NO;
				DEBUG_INFORMATION_FORMAT = "dwarf-with-dsym";
				ENABLE_NS_ASSERTIONS = NO;
				ENABLE_STRICT_OBJC_MSGSEND = YES;
				GCC_C_LANGUAGE_STANDARD = gnu11;
				GCC_NO_COMMON_BLOCKS = YES;
				GCC_WARN_64_TO_32_BIT_CONVERSION = YES;
				GCC_WARN_ABOUT_RETURN_TYPE = YES_ERROR;
				GCC_WARN_UNDECLARED_SELECTOR = YES;
				GCC_WARN_UNINITIALIZED_AUTOS = YES_AGGRESSIVE;
				GCC_WARN_UNUSED_FUNCTION = YES;
				GCC_WARN_UNUSED_VARIABLE = YES;
				MACOSX_DEPLOYMENT_TARGET = 12.3;
				MTL_ENABLE_DEBUG_INFO = NO;
				MTL_FAST_MATH = YES;
				SDKROOT = macosx;
			};
			name = Release;
		};
		AD3D71D6283E3ECC003C0E2A /* Debug */ = {
			isa = XCBuildConfiguration;
			buildSettings = {
				CODE_SIGN_STYLE = Automatic;
				DEVELOPMENT_TEAM = YM9U6GJ233;
				ENABLE_HARDENED_RUNTIME = YES;
				PRODUCT_NAME = "$(TARGET_NAME)";
			};
			name = Debug;
		};
		AD3D71D7283E3ECC003C0E2A /* Release */ = {
			isa = XCBuildConfiguration;
			buildSettings = {
				CODE_SIGN_STYLE = Automatic;
				DEVELOPMENT_TEAM = YM9U6GJ233;
				ENABLE_HARDENED_RUNTIME = YES;
				PRODUCT_NAME = "$(TARGET_NAME)";
			};
			name = Release;
		};
		AD4A62CB28488EB5004BBDAA /* Debug */ = {
			isa = XCBuildConfiguration;
			buildSettings = {
				CODE_SIGN_STYLE = Automatic;
				DEVELOPMENT_TEAM = YM9U6GJ233;
				ENABLE_HARDENED_RUNTIME = YES;
				PRODUCT_NAME = "$(TARGET_NAME)";
			};
			name = Debug;
		};
		AD4A62CC28488EB5004BBDAA /* Release */ = {
			isa = XCBuildConfiguration;
			buildSettings = {
				CODE_SIGN_STYLE = Automatic;
				DEVELOPMENT_TEAM = YM9U6GJ233;
				ENABLE_HARDENED_RUNTIME = YES;
				PRODUCT_NAME = "$(TARGET_NAME)";
			};
			name = Release;
		};
		AD5763A62840A0690015D670 /* Debug */ = {
			isa = XCBuildConfiguration;
			buildSettings = {
				CODE_SIGN_STYLE = Automatic;
				DEVELOPMENT_TEAM = YM9U6GJ233;
				ENABLE_HARDENED_RUNTIME = YES;
				PRODUCT_NAME = "$(TARGET_NAME)";
			};
			name = Debug;
		};
		AD5763A72840A0690015D670 /* Release */ = {
			isa = XCBuildConfiguration;
			buildSettings = {
				CODE_SIGN_STYLE = Automatic;
				DEVELOPMENT_TEAM = YM9U6GJ233;
				ENABLE_HARDENED_RUNTIME = YES;
				PRODUCT_NAME = "$(TARGET_NAME)";
			};
			name = Release;
		};
		ADB48FEB283F47B000EC7289 /* Debug */ = {
			isa = XCBuildConfiguration;
			buildSettings = {
				CODE_SIGN_STYLE = Automatic;
				DEVELOPMENT_TEAM = YM9U6GJ233;
				ENABLE_HARDENED_RUNTIME = YES;
				PRODUCT_NAME = "$(TARGET_NAME)";
			};
			name = Debug;
		};
		ADB48FEC283F47B000EC7289 /* Release */ = {
			isa = XCBuildConfiguration;
			buildSettings = {
				CODE_SIGN_STYLE = Automatic;
				DEVELOPMENT_TEAM = YM9U6GJ233;
				ENABLE_HARDENED_RUNTIME = YES;
				PRODUCT_NAME = "$(TARGET_NAME)";
			};
			name = Release;
		};
		ADCE15272847421D00C03B50 /* Debug */ = {
			isa = XCBuildConfiguration;
			buildSettings = {
				CODE_SIGN_STYLE = Automatic;
				DEVELOPMENT_TEAM = YM9U6GJ233;
				ENABLE_HARDENED_RUNTIME = YES;
				PRODUCT_NAME = "$(TARGET_NAME)";
			};
			name = Debug;
		};
		ADCE15282847421D00C03B50 /* Release */ = {
			isa = XCBuildConfiguration;
			buildSettings = {
				CODE_SIGN_STYLE = Automatic;
				DEVELOPMENT_TEAM = YM9U6GJ233;
				ENABLE_HARDENED_RUNTIME = YES;
				PRODUCT_NAME = "$(TARGET_NAME)";
			};
			name = Release;
		};
		ADD75DFA28433E65008F1231 /* Debug */ = {
			isa = XCBuildConfiguration;
			buildSettings = {
				CODE_SIGN_STYLE = Automatic;
				DEVELOPMENT_TEAM = YM9U6GJ233;
				ENABLE_HARDENED_RUNTIME = YES;
				PRODUCT_NAME = "$(TARGET_NAME)";
			};
			name = Debug;
		};
		ADD75DFB28433E65008F1231 /* Release */ = {
			isa = XCBuildConfiguration;
			buildSettings = {
				CODE_SIGN_STYLE = Automatic;
				DEVELOPMENT_TEAM = YM9U6GJ233;
				ENABLE_HARDENED_RUNTIME = YES;
				PRODUCT_NAME = "$(TARGET_NAME)";
			};
			name = Release;
		};
/* End XCBuildConfiguration section */

/* Begin XCConfigurationList section */
		AD0EEA882845F3DD00B385AB /* Build configuration list for PBXNativeTarget "CommandPattern" */ = {
			isa = XCConfigurationList;
			buildConfigurations = (
				AD0EEA862845F3DD00B385AB /* Debug */,
				AD0EEA872845F3DD00B385AB /* Release */,
			);
			defaultConfigurationIsVisible = 0;
			defaultConfigurationName = Release;
		};
		AD16ACBB28411F09005A26DC /* Build configuration list for PBXNativeTarget "FactoryPattern" */ = {
			isa = XCConfigurationList;
			buildConfigurations = (
				AD16ACBC28411F09005A26DC /* Debug */,
				AD16ACBD28411F09005A26DC /* Release */,
			);
			defaultConfigurationIsVisible = 0;
			defaultConfigurationName = Release;
		};
		AD3D71C9283E3ECB003C0E2A /* Build configuration list for PBXProject "HeadFirstDesignPatternsOC" */ = {
			isa = XCConfigurationList;
			buildConfigurations = (
				AD3D71D3283E3ECC003C0E2A /* Debug */,
				AD3D71D4283E3ECC003C0E2A /* Release */,
			);
			defaultConfigurationIsVisible = 0;
			defaultConfigurationName = Release;
		};
		AD3D71D5283E3ECC003C0E2A /* Build configuration list for PBXNativeTarget "StrategyPattern" */ = {
			isa = XCConfigurationList;
			buildConfigurations = (
				AD3D71D6283E3ECC003C0E2A /* Debug */,
				AD3D71D7283E3ECC003C0E2A /* Release */,
			);
			defaultConfigurationIsVisible = 0;
			defaultConfigurationName = Release;
		};
		AD4A62CD28488EB5004BBDAA /* Build configuration list for PBXNativeTarget "FacadePattern" */ = {
			isa = XCConfigurationList;
			buildConfigurations = (
				AD4A62CB28488EB5004BBDAA /* Debug */,
				AD4A62CC28488EB5004BBDAA /* Release */,
			);
			defaultConfigurationIsVisible = 0;
			defaultConfigurationName = Release;
		};
		AD5763A82840A0690015D670 /* Build configuration list for PBXNativeTarget "DecoratorPattern" */ = {
			isa = XCConfigurationList;
			buildConfigurations = (
				AD5763A62840A0690015D670 /* Debug */,
				AD5763A72840A0690015D670 /* Release */,
			);
			defaultConfigurationIsVisible = 0;
			defaultConfigurationName = Release;
		};
		ADB48FEA283F47B000EC7289 /* Build configuration list for PBXNativeTarget "ObserverPattern" */ = {
			isa = XCConfigurationList;
			buildConfigurations = (
				ADB48FEB283F47B000EC7289 /* Debug */,
				ADB48FEC283F47B000EC7289 /* Release */,
			);
			defaultConfigurationIsVisible = 0;
			defaultConfigurationName = Release;
		};
		ADCE15292847421D00C03B50 /* Build configuration list for PBXNativeTarget "AdapterPattern" */ = {
			isa = XCConfigurationList;
			buildConfigurations = (
				ADCE15272847421D00C03B50 /* Debug */,
				ADCE15282847421D00C03B50 /* Release */,
			);
			defaultConfigurationIsVisible = 0;
			defaultConfigurationName = Release;
		};
		ADD75DFC28433E65008F1231 /* Build configuration list for PBXNativeTarget "SingletonPattern" */ = {
			isa = XCConfigurationList;
			buildConfigurations = (
				ADD75DFA28433E65008F1231 /* Debug */,
				ADD75DFB28433E65008F1231 /* Release */,
			);
			defaultConfigurationIsVisible = 0;
			defaultConfigurationName = Release;
		};
/* End XCConfigurationList section */
	};
	rootObject = AD3D71C6283E3ECB003C0E2A /* Project object */;
}
